<?xml version="1.0" encoding="UTF-8"?>
<Scheme
   LastUpgradeVersion = "0820"
   version = "1.3">
   <BuildAction
      parallelizeBuildables = "YES"
      buildImplicitDependencies = "YES">
      <BuildActionEntries>
         <BuildActionEntry
            buildForTesting = "YES"
            buildForRunning = "YES"
            buildForProfiling = "YES"
            buildForArchiving = "YES"
            buildForAnalyzing = "YES">
            <BuildableReference
               BuildableIdentifier = "primary"
               BlueprintIdentifier = "6003F589195388D20070C39A"
               BuildableName = "Heartland-iOS-SDK_Example.app"
               BlueprintName = "Heartland-iOS-SDK_Example"
               ReferencedContainer = "container:Heartland-iOS-SDK.xcodeproj">
            </BuildableReference>
         </BuildActionEntry>
      </BuildActionEntries>
   </BuildAction>
   <TestAction
      buildConfiguration = "Pax_Testing"
      selectedDebuggerIdentifier = "Xcode.DebuggerFoundation.Debugger.LLDB"
      selectedLauncherIdentifier = "Xcode.DebuggerFoundation.Launcher.LLDB"
      shouldUseLaunchSchemeArgsEnv = "YES"
      codeCoverageEnabled = "YES">
      <Testables>
         <TestableReference
            skipped = "NO">
            <BuildableReference
               BuildableIdentifier = "primary"
               BlueprintIdentifier = "6003F5AD195388D20070C39A"
               BuildableName = "Heartland-iOS-SDK_Tests.xctest"
               BlueprintName = "Heartland-iOS-SDK_Tests"
               ReferencedContainer = "container:Heartland-iOS-SDK.xcodeproj">
            </BuildableReference>
            <SkippedTests>
               <Test
                  Identifier = "Hps_Pax_Admin_Tests/test_PAX_HTTP_Cancel">
               </Test>
               <Test
                  Identifier = "Hps_Pax_Admin_Tests/test_PAX_HTTP_Reboot">
               </Test>
               <Test
                  Identifier = "Hps_Pax_Admin_Tests/test_PAX_HTTP_Reset">
               </Test>
               <Test
                  Identifier = "Hps_Pax_Connection_Tests/test_PAX_HTTP_Initialize">
               </Test>
               <Test
                  Identifier = "Hps_Pax_Credit_Tests/test_PAX_HTTP_Return_By_Card">
               </Test>
               <Test
                  Identifier = "Hps_Pax_Debit_Tests">
               </Test>
               <Test
                  Identifier = "Hps_Pax_VRF_Test/test_case_05">
               </Test>
               <Test
                  Identifier = "Hps_Pax_VRF_Test/test_case_06">
               </Test>
               <Test
                  Identifier = "Hps_Pax_VRF_Test/test_case_07">
               </Test>
               <Test
                  Identifier = "Hps_Pax_VRF_Test/test_case_09">
               </Test>
               <Test
                  Identifier = "Hps_Pax_VRF_Test/test_case_12">
               </Test>
               <Test
                  Identifier = "Hps_Pax_VRF_Test/test_case_13">
               </Test>
               <Test
                  Identifier = "Hps_Pax_VRF_Test/test_case_14">
               </Test>
               <Test
                  Identifier = "Hps_Pax_VRF_Test/test_case_15">
               </Test>
               <Test
                  Identifier = "Hps_Pax_VRF_Test/test_case_16">
               </Test>
            </SkippedTests>
         </TestableReference>
      </Testables>
      <MacroExpansion>
         <BuildableReference
            BuildableIdentifier = "primary"
            BlueprintIdentifier = "6003F589195388D20070C39A"
            BuildableName = "Heartland-iOS-SDK_Example.app"
            BlueprintName = "Heartland-iOS-SDK_Example"
            ReferencedContainer = "container:Heartland-iOS-SDK.xcodeproj">
         </BuildableReference>
      </MacroExpansion>
      <AdditionalOptions>
      </AdditionalOptions>
   </TestAction>
   <LaunchAction
      buildConfiguration = "Pax_Testing"
      selectedDebuggerIdentifier = "Xcode.DebuggerFoundation.Debugger.LLDB"
      selectedLauncherIdentifier = "Xcode.DebuggerFoundation.Launcher.LLDB"
      launchStyle = "0"
      useCustomWorkingDirectory = "NO"
      ignoresPersistentStateOnLaunch = "NO"
      debugDocumentVersioning = "YES"
      debugServiceExtension = "internal"
      allowLocationSimulation = "YES">
      <BuildableProductRunnable
         runnableDebuggingMode = "0">
         <BuildableReference
            BuildableIdentifier = "primary"
            BlueprintIdentifier = "6003F589195388D20070C39A"
            BuildableName = "Heartland-iOS-SDK_Example.app"
            BlueprintName = "Heartland-iOS-SDK_Example"
            ReferencedContainer = "container:Heartland-iOS-SDK.xcodeproj">
         </BuildableReference>
      </BuildableProductRunnable>
      <AdditionalOptions>
      </AdditionalOptions>
   </LaunchAction>
   <ProfileAction
      buildConfiguration = "Pax_Testing"
      shouldUseLaunchSchemeArgsEnv = "YES"
      savedToolIdentifier = ""
      useCustomWorkingDirectory = "NO"
      debugDocumentVersioning = "YES">
      <BuildableProductRunnable
         runnableDebuggingMode = "0">
         <BuildableReference
            BuildableIdentifier = "primary"
            BlueprintIdentifier = "6003F589195388D20070C39A"
            BuildableName = "Heartland-iOS-SDK_Example.app"
            BlueprintName = "Heartland-iOS-SDK_Example"
            ReferencedContainer = "container:Heartland-iOS-SDK.xcodeproj">
         </BuildableReference>
      </BuildableProductRunnable>
   </ProfileAction>
   <AnalyzeAction
      buildConfiguration = "Pax_Testing">
   </AnalyzeAction>
   <ArchiveAction
      buildConfiguration = "Pax_Testing"
      revealArchiveInOrganizer = "YES">
   </ArchiveAction>
</Scheme>
