PODS:
  - Heartland-iOS-SDK (1.1.6):
    - XMLDictionary
  - XMLDictionary (1.4.1)

DEPENDENCIES:
  - Heartland-iOS-SDK (from `../`)

EXTERNAL SOURCES:
  Heartland-iOS-SDK:
    :path: ../

SPEC CHECKSUMS:
  Heartland-iOS-SDK: 53735564146113771b087a966972e9ce942e1f25
  XMLDictionary: fa07b6ff422b3a91d47a5de9bc82e3fc04fbd167

PODFILE CHECKSUM: a2d4770e303e82c0989fd39f53fa31499ac49ee9

COCOAPODS: 1.4.0
