// !$*UTF8*$!
{
	archiveVersion = 1;
	classes = {
	};
	objectVersion = 56;
	objects = {

/* Begin PBXBuildFile section */
		140FA9A52A4E2DCC006E493A /* HpsUPATipAdjustBuilderTests.swift in Sources */ = {isa = PBXBuildFile; fileRef = 140FA9A42A4E2DCC006E493A /* HpsUPATipAdjustBuilderTests.swift */; };
		143A437B298C47CB0027BC3F /* HpsCreditTests.swift in Sources */ = {isa = PBXBuildFile; fileRef = 143A437A298C47CB0027BC3F /* HpsCreditTests.swift */; };
		143A437D29928DDA0027BC3F /* HpsC2XDeviceTests.swift in Sources */ = {isa = PBXBuildFile; fileRef = 143A437C29928DDA0027BC3F /* HpsC2XDeviceTests.swift */; };
		143A43802993BC5C0027BC3F /* HpsPaxCreditTests.swift in Sources */ = {isa = PBXBuildFile; fileRef = 143A437F2993BC5C0027BC3F /* HpsPaxCreditTests.swift */; };
		143A43842993D5F00027BC3F /* ObjC.m in Sources */ = {isa = PBXBuildFile; fileRef = 143A43832993D5F00027BC3F /* ObjC.m */; };
		143A43862993D6AB0027BC3F /* ObjC+CatchException.swift in Sources */ = {isa = PBXBuildFile; fileRef = 143A43852993D6AB0027BC3F /* ObjC+CatchException.swift */; };
		149365D82A321C63005A37CC /* UpsUpaSignatureDataTests.swift in Sources */ = {isa = PBXBuildFile; fileRef = 149365D72A321C63005A37CC /* UpsUpaSignatureDataTests.swift */; };
		14A32FAF2949222800E160AD /* C2XFirmwareUpdateViewController.swift in Sources */ = {isa = PBXBuildFile; fileRef = 14A32FAE2949222800E160AD /* C2XFirmwareUpdateViewController.swift */; };
		14B86EFE29B02C3B00657AF3 /* C2XTransactionsTests.swift in Sources */ = {isa = PBXBuildFile; fileRef = 14B86EFD29B02C3B00657AF3 /* C2XTransactionsTests.swift */; };
		14F88D5F2A02E3AB009E821B /* HpsUPACATests.swift in Sources */ = {isa = PBXBuildFile; fileRef = 14F88D5E2A02E3AB009E821B /* HpsUPACATests.swift */; };
		2896FA6C2A44A8720076BBFC /* UpaTransactionsViewController.swift in Sources */ = {isa = PBXBuildFile; fileRef = 2896FA6B2A44A8720076BBFC /* UpaTransactionsViewController.swift */; };
		2896FA6F2A44AA2E0076BBFC /* UpaTransactionProtocol.swift in Sources */ = {isa = PBXBuildFile; fileRef = 2896FA6E2A44AA2E0076BBFC /* UpaTransactionProtocol.swift */; };
		2896FA712A44AA7E0076BBFC /* UpaUSATransaction.swift in Sources */ = {isa = PBXBuildFile; fileRef = 2896FA702A44AA7E0076BBFC /* UpaUSATransaction.swift */; };
		2896FA732A44AA930076BBFC /* PayAppCanadaTransaction.swift in Sources */ = {isa = PBXBuildFile; fileRef = 2896FA722A44AA930076BBFC /* PayAppCanadaTransaction.swift */; };
		DD37C2E72AE0829E003891D7 /* TapToPayHostedViewController.swift in Sources */ = {isa = PBXBuildFile; fileRef = DD37C2E62AE0829E003891D7 /* TapToPayHostedViewController.swift */; };
		DD37C2F72B165674003891D7 /* TokenServiceHostedViewController.swift in Sources */ = {isa = PBXBuildFile; fileRef = DD37C2F62B165674003891D7 /* TokenServiceHostedViewController.swift */; };
		DD49DDB4296DDAE100EBD526 /* HpsUPALineItemDisplayTests.swift in Sources */ = {isa = PBXBuildFile; fileRef = DD49DDB3296DDAE000EBD526 /* HpsUPALineItemDisplayTests.swift */; };
		DD6A4F512937C221008B8165 /* Main.storyboard in Resources */ = {isa = PBXBuildFile; fileRef = DD6A4F4F2937C221008B8165 /* Main.storyboard */; };
		DD6A4F532937C223008B8165 /* Assets.xcassets in Resources */ = {isa = PBXBuildFile; fileRef = DD6A4F522937C223008B8165 /* Assets.xcassets */; };
		DD6A4F562937C223008B8165 /* LaunchScreen.storyboard in Resources */ = {isa = PBXBuildFile; fileRef = DD6A4F542937C223008B8165 /* LaunchScreen.storyboard */; };
		DD6A4F682937C29B008B8165 /* ConnectC2XViewController.swift in Sources */ = {isa = PBXBuildFile; fileRef = DD6A4F642937C299008B8165 /* ConnectC2XViewController.swift */; };
		DD6A4F692937C29B008B8165 /* Constants.swift in Sources */ = {isa = PBXBuildFile; fileRef = DD6A4F652937C29A008B8165 /* Constants.swift */; };
		DD6A4F6A2937C29B008B8165 /* AppDelegate.swift in Sources */ = {isa = PBXBuildFile; fileRef = DD6A4F662937C29A008B8165 /* AppDelegate.swift */; };
		DD6A4F6B2937C29B008B8165 /* C2XTransactionsViewController.swift in Sources */ = {isa = PBXBuildFile; fileRef = DD6A4F672937C29A008B8165 /* C2XTransactionsViewController.swift */; };
		DD6A4F702937C3BF008B8165 /* MainViewController.swift in Sources */ = {isa = PBXBuildFile; fileRef = DD6A4F6F2937C3BF008B8165 /* MainViewController.swift */; };
		DD6A4F722937C4EF008B8165 /* Heartland_iOS_SDK.framework in Frameworks */ = {isa = PBXBuildFile; fileRef = DD6A4F6D2937C2D0008B8165 /* Heartland_iOS_SDK.framework */; settings = {ATTRIBUTES = (Required, ); }; };
		DD6A4F732937C4EF008B8165 /* Heartland_iOS_SDK.framework in Embed Frameworks */ = {isa = PBXBuildFile; fileRef = DD6A4F6D2937C2D0008B8165 /* Heartland_iOS_SDK.framework */; settings = {ATTRIBUTES = (CodeSignOnCopy, RemoveHeadersOnCopy, ); }; };
		DD713FAF2948DC7500514143 /* Hps_C2X_Credit_Test.m in Sources */ = {isa = PBXBuildFile; fileRef = DD713F902948DC7300514143 /* Hps_C2X_Credit_Test.m */; };
		DD713FB02948DC7500514143 /* Hps_C2X_Device_Test.m in Sources */ = {isa = PBXBuildFile; fileRef = DD713F912948DC7300514143 /* Hps_C2X_Device_Test.m */; };
		DD713FB12948DC7500514143 /* Hps_Pax_Admin_Tests.m in Sources */ = {isa = PBXBuildFile; fileRef = DD713F922948DC7300514143 /* Hps_Pax_Admin_Tests.m */; };
		DD713FB32948DC7500514143 /* Heartland_GatewayTests.m in Sources */ = {isa = PBXBuildFile; fileRef = DD713F942948DC7300514143 /* Heartland_GatewayTests.m */; };
		DD713FB42948DC7500514143 /* HpsTableServicesTest.m in Sources */ = {isa = PBXBuildFile; fileRef = DD713F952948DC7300514143 /* HpsTableServicesTest.m */; };
		DD713FB52948DC7500514143 /* HpsPayRollTests.m in Sources */ = {isa = PBXBuildFile; fileRef = DD713F962948DC7300514143 /* HpsPayRollTests.m */; };
		DD713FB62948DC7500514143 /* Hps_Hpa_Gift_Test.m in Sources */ = {isa = PBXBuildFile; fileRef = DD713F972948DC7300514143 /* Hps_Hpa_Gift_Test.m */; };
		DD713FB72948DC7500514143 /* Hps_Hpa_EBT_Test.m in Sources */ = {isa = PBXBuildFile; fileRef = DD713F982948DC7400514143 /* Hps_Hpa_EBT_Test.m */; };
		DD713FB82948DC7500514143 /* HpsJsonDocTests.m in Sources */ = {isa = PBXBuildFile; fileRef = DD713F992948DC7400514143 /* HpsJsonDocTests.m */; };
		DD713FB92948DC7500514143 /* InfoPlist.strings in Resources */ = {isa = PBXBuildFile; fileRef = DD713F9B2948DC7400514143 /* InfoPlist.strings */; };
		DD713FBA2948DC7500514143 /* Hps_Pax_Debit_Tests.m in Sources */ = {isa = PBXBuildFile; fileRef = DD713F9D2948DC7400514143 /* Hps_Pax_Debit_Tests.m */; };
		DD713FBB2948DC7500514143 /* Hps_Hpa_EOD_Test.m in Sources */ = {isa = PBXBuildFile; fileRef = DD713F9E2948DC7400514143 /* Hps_Hpa_EOD_Test.m */; };
		DD713FBC2948DC7500514143 /* Hps_UPA_VRF_Test.m in Sources */ = {isa = PBXBuildFile; fileRef = DD713F9F2948DC7400514143 /* Hps_UPA_VRF_Test.m */; };
		DD713FBD2948DC7500514143 /* Hps_Pax_VRF_Test.m in Sources */ = {isa = PBXBuildFile; fileRef = DD713FA02948DC7400514143 /* Hps_Pax_VRF_Test.m */; };
		DD713FBE2948DC7500514143 /* Hps_Hpa_VRF_Test.m in Sources */ = {isa = PBXBuildFile; fileRef = DD713FA12948DC7400514143 /* Hps_Hpa_VRF_Test.m */; };
		DD713FBF2948DC7500514143 /* Hps_Hpa_Credit_Test.m in Sources */ = {isa = PBXBuildFile; fileRef = DD713FA32948DC7400514143 /* Hps_Hpa_Credit_Test.m */; };
		DD713FC02948DC7500514143 /* Heartland_TokenizationTests.m in Sources */ = {isa = PBXBuildFile; fileRef = DD713FA42948DC7400514143 /* Heartland_TokenizationTests.m */; };
		DD713FC12948DC7500514143 /* Hps_Pax_Gift_Tests.m in Sources */ = {isa = PBXBuildFile; fileRef = DD713FA52948DC7400514143 /* Hps_Pax_Gift_Tests.m */; };
		DD713FC22948DC7500514143 /* Hps_Pax_Connection_Tests.m in Sources */ = {isa = PBXBuildFile; fileRef = DD713FA62948DC7400514143 /* Hps_Pax_Connection_Tests.m */; };
		DD713FC32948DC7500514143 /* Hps_Hpa_Debit_Test.m in Sources */ = {isa = PBXBuildFile; fileRef = DD713FA72948DC7400514143 /* Hps_Hpa_Debit_Test.m */; };
		DD713FC42948DC7500514143 /* Tests-Info.plist in Resources */ = {isa = PBXBuildFile; fileRef = DD713FA82948DC7400514143 /* Tests-Info.plist */; };
		DD713FC52948DC7500514143 /* Hps_Pax_Batch_Tests.m in Sources */ = {isa = PBXBuildFile; fileRef = DD713FA92948DC7400514143 /* Hps_Pax_Batch_Tests.m */; };
		DD713FC62948DC7500514143 /* Hps_UPA_Credit_Test.m in Sources */ = {isa = PBXBuildFile; fileRef = DD713FAA2948DC7400514143 /* Hps_UPA_Credit_Test.m */; };
		DD713FC72948DC7500514143 /* Hps_Hpa_Admin_Test.m in Sources */ = {isa = PBXBuildFile; fileRef = DD713FAB2948DC7400514143 /* Hps_Hpa_Admin_Test.m */; };
		DD713FC82948DC7500514143 /* Hps_Pax_Report_test.m in Sources */ = {isa = PBXBuildFile; fileRef = DD713FAC2948DC7400514143 /* Hps_Pax_Report_test.m */; };
		DD713FC92948DC7500514143 /* Hps_UPA_Admin_Test.m in Sources */ = {isa = PBXBuildFile; fileRef = DD713FAD2948DC7400514143 /* Hps_UPA_Admin_Test.m */; };
		DD713FCA2948DC7500514143 /* Hps_Hpa_Report_Test.m in Sources */ = {isa = PBXBuildFile; fileRef = DD713FAE2948DC7400514143 /* Hps_Hpa_Report_Test.m */; };
		DD75F9C12A78810C00B557CE /* GlobalMobileSDK.xcframework in Frameworks */ = {isa = PBXBuildFile; fileRef = DD75F9BD2A78810C00B557CE /* GlobalMobileSDK.xcframework */; };
		DD75F9C22A78810C00B557CE /* GlobalMobileSDK.xcframework in Embed Frameworks */ = {isa = PBXBuildFile; fileRef = DD75F9BD2A78810C00B557CE /* GlobalMobileSDK.xcframework */; settings = {ATTRIBUTES = (CodeSignOnCopy, RemoveHeadersOnCopy, ); }; };
		DD75F9C32A78810C00B557CE /* GlobalPaymentsApi.xcframework in Frameworks */ = {isa = PBXBuildFile; fileRef = DD75F9BE2A78810C00B557CE /* GlobalPaymentsApi.xcframework */; };
		DD75F9C42A78810C00B557CE /* GlobalPaymentsApi.xcframework in Embed Frameworks */ = {isa = PBXBuildFile; fileRef = DD75F9BE2A78810C00B557CE /* GlobalPaymentsApi.xcframework */; settings = {ATTRIBUTES = (CodeSignOnCopy, RemoveHeadersOnCopy, ); }; };
		DD75F9C52A7881FF00B557CE /* BBPOS.xcframework in Frameworks */ = {isa = PBXBuildFile; fileRef = DD75F9BC2A78810C00B557CE /* BBPOS.xcframework */; };
		DD8CECF9294CC7370006908F /* HpsUPAStartCardTests.swift in Sources */ = {isa = PBXBuildFile; fileRef = DD8CECF8294CC7370006908F /* HpsUPAStartCardTests.swift */; };
		DDFF6556299FC348004D41BF /* HpsUPASAFTests.swift in Sources */ = {isa = PBXBuildFile; fileRef = DDFF6555299FC348004D41BF /* HpsUPASAFTests.swift */; };
/* End PBXBuildFile section */

/* Begin PBXContainerItemProxy section */
		DD713F8A2948DC3400514143 /* PBXContainerItemProxy */ = {
			isa = PBXContainerItemProxy;
			containerPortal = DD6A4F3E2937C221008B8165 /* Project object */;
			proxyType = 1;
			remoteGlobalIDString = DD6A4F452937C221008B8165;
			remoteInfo = "Heartland-iOS-SDK-SampleApp";
		};
/* End PBXContainerItemProxy section */

/* Begin PBXCopyFilesBuildPhase section */
		DD6A4F742937C4EF008B8165 /* Embed Frameworks */ = {
			isa = PBXCopyFilesBuildPhase;
			buildActionMask = 2147483647;
			dstPath = "";
			dstSubfolderSpec = 10;
			files = (
				DD75F9C42A78810C00B557CE /* GlobalPaymentsApi.xcframework in Embed Frameworks */,
				DD75F9C22A78810C00B557CE /* GlobalMobileSDK.xcframework in Embed Frameworks */,
				DD6A4F732937C4EF008B8165 /* Heartland_iOS_SDK.framework in Embed Frameworks */,
			);
			name = "Embed Frameworks";
			runOnlyForDeploymentPostprocessing = 0;
		};
/* End PBXCopyFilesBuildPhase section */

/* Begin PBXFileReference section */
		140FA9A42A4E2DCC006E493A /* HpsUPATipAdjustBuilderTests.swift */ = {isa = PBXFileReference; lastKnownFileType = sourcecode.swift; path = HpsUPATipAdjustBuilderTests.swift; sourceTree = "<group>"; };
		143A437A298C47CB0027BC3F /* HpsCreditTests.swift */ = {isa = PBXFileReference; lastKnownFileType = sourcecode.swift; name = HpsCreditTests.swift; path = "Heartland-iOS-SDK-SampleAppTests/HpsCreditTests.swift"; sourceTree = SOURCE_ROOT; };
		143A437C29928DDA0027BC3F /* HpsC2XDeviceTests.swift */ = {isa = PBXFileReference; lastKnownFileType = sourcecode.swift; path = HpsC2XDeviceTests.swift; sourceTree = "<group>"; };
		143A437F2993BC5C0027BC3F /* HpsPaxCreditTests.swift */ = {isa = PBXFileReference; lastKnownFileType = sourcecode.swift; path = HpsPaxCreditTests.swift; sourceTree = "<group>"; };
		143A43822993D5D40027BC3F /* ObjC.h */ = {isa = PBXFileReference; lastKnownFileType = sourcecode.c.h; path = ObjC.h; sourceTree = "<group>"; };
		143A43832993D5F00027BC3F /* ObjC.m */ = {isa = PBXFileReference; lastKnownFileType = sourcecode.c.objc; path = ObjC.m; sourceTree = "<group>"; };
		143A43852993D6AB0027BC3F /* ObjC+CatchException.swift */ = {isa = PBXFileReference; lastKnownFileType = sourcecode.swift; path = "ObjC+CatchException.swift"; sourceTree = "<group>"; };
		149365D72A321C63005A37CC /* UpsUpaSignatureDataTests.swift */ = {isa = PBXFileReference; lastKnownFileType = sourcecode.swift; path = UpsUpaSignatureDataTests.swift; sourceTree = "<group>"; };
		14A32FAE2949222800E160AD /* C2XFirmwareUpdateViewController.swift */ = {isa = PBXFileReference; lastKnownFileType = sourcecode.swift; path = C2XFirmwareUpdateViewController.swift; sourceTree = "<group>"; };
		14B86EFD29B02C3B00657AF3 /* C2XTransactionsTests.swift */ = {isa = PBXFileReference; lastKnownFileType = sourcecode.swift; path = C2XTransactionsTests.swift; sourceTree = "<group>"; };
		14F88D5E2A02E3AB009E821B /* HpsUPACATests.swift */ = {isa = PBXFileReference; lastKnownFileType = sourcecode.swift; path = HpsUPACATests.swift; sourceTree = "<group>"; };
		2896FA6B2A44A8720076BBFC /* UpaTransactionsViewController.swift */ = {isa = PBXFileReference; lastKnownFileType = sourcecode.swift; path = UpaTransactionsViewController.swift; sourceTree = "<group>"; };
		2896FA6E2A44AA2E0076BBFC /* UpaTransactionProtocol.swift */ = {isa = PBXFileReference; lastKnownFileType = sourcecode.swift; path = UpaTransactionProtocol.swift; sourceTree = "<group>"; };
		2896FA702A44AA7E0076BBFC /* UpaUSATransaction.swift */ = {isa = PBXFileReference; lastKnownFileType = sourcecode.swift; path = UpaUSATransaction.swift; sourceTree = "<group>"; };
		2896FA722A44AA930076BBFC /* PayAppCanadaTransaction.swift */ = {isa = PBXFileReference; lastKnownFileType = sourcecode.swift; path = PayAppCanadaTransaction.swift; sourceTree = "<group>"; };
		DD37C2E62AE0829E003891D7 /* TapToPayHostedViewController.swift */ = {isa = PBXFileReference; lastKnownFileType = sourcecode.swift; path = TapToPayHostedViewController.swift; sourceTree = "<group>"; };
		DD37C2F62B165674003891D7 /* TokenServiceHostedViewController.swift */ = {isa = PBXFileReference; lastKnownFileType = sourcecode.swift; path = TokenServiceHostedViewController.swift; sourceTree = "<group>"; };
		DD49DDB3296DDAE000EBD526 /* HpsUPALineItemDisplayTests.swift */ = {isa = PBXFileReference; fileEncoding = 4; lastKnownFileType = sourcecode.swift; path = HpsUPALineItemDisplayTests.swift; sourceTree = "<group>"; };
		DD6A4F462937C221008B8165 /* Heartland-iOS-SDK-SampleApp.app */ = {isa = PBXFileReference; explicitFileType = wrapper.application; includeInIndex = 0; path = "Heartland-iOS-SDK-SampleApp.app"; sourceTree = BUILT_PRODUCTS_DIR; };
		DD6A4F502937C221008B8165 /* Base */ = {isa = PBXFileReference; lastKnownFileType = file.storyboard; name = Base; path = Base.lproj/Main.storyboard; sourceTree = "<group>"; };
		DD6A4F522937C223008B8165 /* Assets.xcassets */ = {isa = PBXFileReference; lastKnownFileType = folder.assetcatalog; path = Assets.xcassets; sourceTree = "<group>"; };
		DD6A4F552937C223008B8165 /* Base */ = {isa = PBXFileReference; lastKnownFileType = file.storyboard; name = Base; path = Base.lproj/LaunchScreen.storyboard; sourceTree = "<group>"; };
		DD6A4F572937C223008B8165 /* Info.plist */ = {isa = PBXFileReference; lastKnownFileType = text.plist.xml; path = Info.plist; sourceTree = "<group>"; };
		DD6A4F632937C299008B8165 /* Heartland-iOS-SDK-SampleApp-Bridging-Header.h */ = {isa = PBXFileReference; lastKnownFileType = sourcecode.c.h; path = "Heartland-iOS-SDK-SampleApp-Bridging-Header.h"; sourceTree = "<group>"; };
		DD6A4F642937C299008B8165 /* ConnectC2XViewController.swift */ = {isa = PBXFileReference; fileEncoding = 4; lastKnownFileType = sourcecode.swift; path = ConnectC2XViewController.swift; sourceTree = "<group>"; };
		DD6A4F652937C29A008B8165 /* Constants.swift */ = {isa = PBXFileReference; fileEncoding = 4; lastKnownFileType = sourcecode.swift; path = Constants.swift; sourceTree = "<group>"; };
		DD6A4F662937C29A008B8165 /* AppDelegate.swift */ = {isa = PBXFileReference; fileEncoding = 4; lastKnownFileType = sourcecode.swift; path = AppDelegate.swift; sourceTree = "<group>"; };
		DD6A4F672937C29A008B8165 /* C2XTransactionsViewController.swift */ = {isa = PBXFileReference; fileEncoding = 4; lastKnownFileType = sourcecode.swift; path = C2XTransactionsViewController.swift; sourceTree = "<group>"; };
		DD6A4F6D2937C2D0008B8165 /* Heartland_iOS_SDK.framework */ = {isa = PBXFileReference; explicitFileType = wrapper.framework; path = Heartland_iOS_SDK.framework; sourceTree = BUILT_PRODUCTS_DIR; };
		DD6A4F6F2937C3BF008B8165 /* MainViewController.swift */ = {isa = PBXFileReference; fileEncoding = 4; lastKnownFileType = sourcecode.swift; path = MainViewController.swift; sourceTree = "<group>"; };
		DD713F862948DC3400514143 /* Heartland-iOS-SDK-SampleAppTests.xctest */ = {isa = PBXFileReference; explicitFileType = wrapper.cfbundle; includeInIndex = 0; path = "Heartland-iOS-SDK-SampleAppTests.xctest"; sourceTree = BUILT_PRODUCTS_DIR; };
		DD713F902948DC7300514143 /* Hps_C2X_Credit_Test.m */ = {isa = PBXFileReference; fileEncoding = 4; lastKnownFileType = sourcecode.c.objc; path = Hps_C2X_Credit_Test.m; sourceTree = "<group>"; };
		DD713F912948DC7300514143 /* Hps_C2X_Device_Test.m */ = {isa = PBXFileReference; fileEncoding = 4; lastKnownFileType = sourcecode.c.objc; path = Hps_C2X_Device_Test.m; sourceTree = "<group>"; };
		DD713F922948DC7300514143 /* Hps_Pax_Admin_Tests.m */ = {isa = PBXFileReference; fileEncoding = 4; lastKnownFileType = sourcecode.c.objc; path = Hps_Pax_Admin_Tests.m; sourceTree = "<group>"; };
		DD713F942948DC7300514143 /* Heartland_GatewayTests.m */ = {isa = PBXFileReference; fileEncoding = 4; lastKnownFileType = sourcecode.c.objc; path = Heartland_GatewayTests.m; sourceTree = "<group>"; };
		DD713F952948DC7300514143 /* HpsTableServicesTest.m */ = {isa = PBXFileReference; fileEncoding = 4; lastKnownFileType = sourcecode.c.objc; path = HpsTableServicesTest.m; sourceTree = "<group>"; };
		DD713F962948DC7300514143 /* HpsPayRollTests.m */ = {isa = PBXFileReference; fileEncoding = 4; lastKnownFileType = sourcecode.c.objc; path = HpsPayRollTests.m; sourceTree = "<group>"; };
		DD713F972948DC7300514143 /* Hps_Hpa_Gift_Test.m */ = {isa = PBXFileReference; fileEncoding = 4; lastKnownFileType = sourcecode.c.objc; path = Hps_Hpa_Gift_Test.m; sourceTree = "<group>"; };
		DD713F982948DC7400514143 /* Hps_Hpa_EBT_Test.m */ = {isa = PBXFileReference; fileEncoding = 4; lastKnownFileType = sourcecode.c.objc; path = Hps_Hpa_EBT_Test.m; sourceTree = "<group>"; };
		DD713F992948DC7400514143 /* HpsJsonDocTests.m */ = {isa = PBXFileReference; fileEncoding = 4; lastKnownFileType = sourcecode.c.objc; path = HpsJsonDocTests.m; sourceTree = "<group>"; };
		DD713F9C2948DC7400514143 /* en */ = {isa = PBXFileReference; lastKnownFileType = text.plist.strings; name = en; path = InfoPlist.strings; sourceTree = "<group>"; };
		DD713F9D2948DC7400514143 /* Hps_Pax_Debit_Tests.m */ = {isa = PBXFileReference; fileEncoding = 4; lastKnownFileType = sourcecode.c.objc; path = Hps_Pax_Debit_Tests.m; sourceTree = "<group>"; };
		DD713F9E2948DC7400514143 /* Hps_Hpa_EOD_Test.m */ = {isa = PBXFileReference; fileEncoding = 4; lastKnownFileType = sourcecode.c.objc; path = Hps_Hpa_EOD_Test.m; sourceTree = "<group>"; };
		DD713F9F2948DC7400514143 /* Hps_UPA_VRF_Test.m */ = {isa = PBXFileReference; fileEncoding = 4; lastKnownFileType = sourcecode.c.objc; path = Hps_UPA_VRF_Test.m; sourceTree = "<group>"; };
		DD713FA02948DC7400514143 /* Hps_Pax_VRF_Test.m */ = {isa = PBXFileReference; fileEncoding = 4; lastKnownFileType = sourcecode.c.objc; path = Hps_Pax_VRF_Test.m; sourceTree = "<group>"; };
		DD713FA12948DC7400514143 /* Hps_Hpa_VRF_Test.m */ = {isa = PBXFileReference; fileEncoding = 4; lastKnownFileType = sourcecode.c.objc; path = Hps_Hpa_VRF_Test.m; sourceTree = "<group>"; };
		DD713FA22948DC7400514143 /* Tests-Prefix.pch */ = {isa = PBXFileReference; fileEncoding = 4; lastKnownFileType = sourcecode.c.h; path = "Tests-Prefix.pch"; sourceTree = "<group>"; };
		DD713FA32948DC7400514143 /* Hps_Hpa_Credit_Test.m */ = {isa = PBXFileReference; fileEncoding = 4; lastKnownFileType = sourcecode.c.objc; path = Hps_Hpa_Credit_Test.m; sourceTree = "<group>"; };
		DD713FA42948DC7400514143 /* Heartland_TokenizationTests.m */ = {isa = PBXFileReference; fileEncoding = 4; lastKnownFileType = sourcecode.c.objc; path = Heartland_TokenizationTests.m; sourceTree = "<group>"; };
		DD713FA52948DC7400514143 /* Hps_Pax_Gift_Tests.m */ = {isa = PBXFileReference; fileEncoding = 4; lastKnownFileType = sourcecode.c.objc; path = Hps_Pax_Gift_Tests.m; sourceTree = "<group>"; };
		DD713FA62948DC7400514143 /* Hps_Pax_Connection_Tests.m */ = {isa = PBXFileReference; fileEncoding = 4; lastKnownFileType = sourcecode.c.objc; path = Hps_Pax_Connection_Tests.m; sourceTree = "<group>"; };
		DD713FA72948DC7400514143 /* Hps_Hpa_Debit_Test.m */ = {isa = PBXFileReference; fileEncoding = 4; lastKnownFileType = sourcecode.c.objc; path = Hps_Hpa_Debit_Test.m; sourceTree = "<group>"; };
		DD713FA82948DC7400514143 /* Tests-Info.plist */ = {isa = PBXFileReference; fileEncoding = 4; lastKnownFileType = text.plist.xml; path = "Tests-Info.plist"; sourceTree = "<group>"; };
		DD713FA92948DC7400514143 /* Hps_Pax_Batch_Tests.m */ = {isa = PBXFileReference; fileEncoding = 4; lastKnownFileType = sourcecode.c.objc; path = Hps_Pax_Batch_Tests.m; sourceTree = "<group>"; };
		DD713FAA2948DC7400514143 /* Hps_UPA_Credit_Test.m */ = {isa = PBXFileReference; fileEncoding = 4; lastKnownFileType = sourcecode.c.objc; path = Hps_UPA_Credit_Test.m; sourceTree = "<group>"; };
		DD713FAB2948DC7400514143 /* Hps_Hpa_Admin_Test.m */ = {isa = PBXFileReference; fileEncoding = 4; lastKnownFileType = sourcecode.c.objc; path = Hps_Hpa_Admin_Test.m; sourceTree = "<group>"; };
		DD713FAC2948DC7400514143 /* Hps_Pax_Report_test.m */ = {isa = PBXFileReference; fileEncoding = 4; lastKnownFileType = sourcecode.c.objc; path = Hps_Pax_Report_test.m; sourceTree = "<group>"; };
		DD713FAD2948DC7400514143 /* Hps_UPA_Admin_Test.m */ = {isa = PBXFileReference; fileEncoding = 4; lastKnownFileType = sourcecode.c.objc; path = Hps_UPA_Admin_Test.m; sourceTree = "<group>"; };
		DD713FAE2948DC7400514143 /* Hps_Hpa_Report_Test.m */ = {isa = PBXFileReference; fileEncoding = 4; lastKnownFileType = sourcecode.c.objc; path = Hps_Hpa_Report_Test.m; sourceTree = "<group>"; };
		DD75F9BC2A78810C00B557CE /* BBPOS.xcframework */ = {isa = PBXFileReference; lastKnownFileType = wrapper.xcframework; name = BBPOS.xcframework; path = "../Heartland-iOS-SDK/Libraries/BBPOS.xcframework"; sourceTree = "<group>"; };
		DD75F9BD2A78810C00B557CE /* GlobalMobileSDK.xcframework */ = {isa = PBXFileReference; lastKnownFileType = wrapper.xcframework; name = GlobalMobileSDK.xcframework; path = "../Heartland-iOS-SDK/Libraries/GlobalMobileSDK.xcframework"; sourceTree = "<group>"; };
		DD75F9BE2A78810C00B557CE /* GlobalPaymentsApi.xcframework */ = {isa = PBXFileReference; lastKnownFileType = wrapper.xcframework; name = GlobalPaymentsApi.xcframework; path = "../Heartland-iOS-SDK/Libraries/GlobalPaymentsApi.xcframework"; sourceTree = "<group>"; };
		DD8CECF7294CC7360006908F /* Heartland-iOS-SDK-SampleAppTests-Bridging-Header.h */ = {isa = PBXFileReference; lastKnownFileType = sourcecode.c.h; path = "Heartland-iOS-SDK-SampleAppTests-Bridging-Header.h"; sourceTree = "<group>"; };
		DD8CECF8294CC7370006908F /* HpsUPAStartCardTests.swift */ = {isa = PBXFileReference; lastKnownFileType = sourcecode.swift; path = HpsUPAStartCardTests.swift; sourceTree = "<group>"; };
		DDFF6555299FC348004D41BF /* HpsUPASAFTests.swift */ = {isa = PBXFileReference; lastKnownFileType = sourcecode.swift; path = HpsUPASAFTests.swift; sourceTree = "<group>"; };
/* End PBXFileReference section */

/* Begin PBXFrameworksBuildPhase section */
		DD6A4F432937C221008B8165 /* Frameworks */ = {
			isa = PBXFrameworksBuildPhase;
			buildActionMask = 2147483647;
			files = (
				DD75F9C52A7881FF00B557CE /* BBPOS.xcframework in Frameworks */,
				DD75F9C32A78810C00B557CE /* GlobalPaymentsApi.xcframework in Frameworks */,
				DD75F9C12A78810C00B557CE /* GlobalMobileSDK.xcframework in Frameworks */,
				DD6A4F722937C4EF008B8165 /* Heartland_iOS_SDK.framework in Frameworks */,
			);
			runOnlyForDeploymentPostprocessing = 0;
		};
		DD713F832948DC3400514143 /* Frameworks */ = {
			isa = PBXFrameworksBuildPhase;
			buildActionMask = 2147483647;
			files = (
			);
			runOnlyForDeploymentPostprocessing = 0;
		};
/* End PBXFrameworksBuildPhase section */

/* Begin PBXGroup section */
		143A437E2993BC3E0027BC3F /* PAX */ = {
			isa = PBXGroup;
			children = (
				143A437F2993BC5C0027BC3F /* HpsPaxCreditTests.swift */,
			);
			path = PAX;
			sourceTree = "<group>";
		};
		143A43812993D5BE0027BC3F /* Utilis */ = {
			isa = PBXGroup;
			children = (
				143A43822993D5D40027BC3F /* ObjC.h */,
				143A43832993D5F00027BC3F /* ObjC.m */,
				143A43852993D6AB0027BC3F /* ObjC+CatchException.swift */,
			);
			path = Utilis;
			sourceTree = "<group>";
		};
		2896FA6D2A44A97D0076BBFC /* UpaTransactions */ = {
			isa = PBXGroup;
			children = (
				2896FA6E2A44AA2E0076BBFC /* UpaTransactionProtocol.swift */,
				2896FA702A44AA7E0076BBFC /* UpaUSATransaction.swift */,
				2896FA722A44AA930076BBFC /* PayAppCanadaTransaction.swift */,
				2896FA6B2A44A8720076BBFC /* UpaTransactionsViewController.swift */,
			);
			path = UpaTransactions;
			sourceTree = "<group>";
		};
		DD6A4F3D2937C221008B8165 = {
			isa = PBXGroup;
			children = (
				DD6A4F482937C221008B8165 /* Heartland-iOS-SDK-SampleApp */,
				DD713F872948DC3400514143 /* Heartland-iOS-SDK-SampleAppTests */,
				DD6A4F472937C221008B8165 /* Products */,
				DD6A4F6C2937C2D0008B8165 /* Frameworks */,
			);
			sourceTree = "<group>";
		};
		DD6A4F472937C221008B8165 /* Products */ = {
			isa = PBXGroup;
			children = (
				DD6A4F462937C221008B8165 /* Heartland-iOS-SDK-SampleApp.app */,
				DD713F862948DC3400514143 /* Heartland-iOS-SDK-SampleAppTests.xctest */,
			);
			name = Products;
			sourceTree = "<group>";
		};
		DD6A4F482937C221008B8165 /* Heartland-iOS-SDK-SampleApp */ = {
			isa = PBXGroup;
			children = (
				DD6A4F6F2937C3BF008B8165 /* MainViewController.swift */,
				DD6A4F662937C29A008B8165 /* AppDelegate.swift */,
				DD6A4F672937C29A008B8165 /* C2XTransactionsViewController.swift */,
				14A32FAE2949222800E160AD /* C2XFirmwareUpdateViewController.swift */,
				DD6A4F642937C299008B8165 /* ConnectC2XViewController.swift */,
				2896FA6D2A44A97D0076BBFC /* UpaTransactions */,
				DD6A4F652937C29A008B8165 /* Constants.swift */,
				DD6A4F4F2937C221008B8165 /* Main.storyboard */,
				DD6A4F522937C223008B8165 /* Assets.xcassets */,
				DD6A4F542937C223008B8165 /* LaunchScreen.storyboard */,
				DD6A4F572937C223008B8165 /* Info.plist */,
				DD6A4F632937C299008B8165 /* Heartland-iOS-SDK-SampleApp-Bridging-Header.h */,
				DD37C2E62AE0829E003891D7 /* TapToPayHostedViewController.swift */,
				DD37C2F62B165674003891D7 /* TokenServiceHostedViewController.swift */,
			);
			path = "Heartland-iOS-SDK-SampleApp";
			sourceTree = "<group>";
		};
		DD6A4F6C2937C2D0008B8165 /* Frameworks */ = {
			isa = PBXGroup;
			children = (
				DD75F9BC2A78810C00B557CE /* BBPOS.xcframework */,
				DD75F9BD2A78810C00B557CE /* GlobalMobileSDK.xcframework */,
				DD75F9BE2A78810C00B557CE /* GlobalPaymentsApi.xcframework */,
				DD6A4F6D2937C2D0008B8165 /* Heartland_iOS_SDK.framework */,
			);
			name = Frameworks;
			sourceTree = "<group>";
		};
		DD713F872948DC3400514143 /* Heartland-iOS-SDK-SampleAppTests */ = {
			isa = PBXGroup;
			children = (
				143A43812993D5BE0027BC3F /* Utilis */,
				143A437E2993BC3E0027BC3F /* PAX */,
				DD713F8F2948DC7300514143 /* C2X */,
				DD713F9A2948DC7400514143 /* en.lproj */,
				DD713F942948DC7300514143 /* Heartland_GatewayTests.m */,
				DD713FA42948DC7400514143 /* Heartland_TokenizationTests.m */,
				DD713FAB2948DC7400514143 /* Hps_Hpa_Admin_Test.m */,
				DD713FA32948DC7400514143 /* Hps_Hpa_Credit_Test.m */,
				DD713FA72948DC7400514143 /* Hps_Hpa_Debit_Test.m */,
				DD713F982948DC7400514143 /* Hps_Hpa_EBT_Test.m */,
				DD713F9E2948DC7400514143 /* Hps_Hpa_EOD_Test.m */,
				DD713F972948DC7300514143 /* Hps_Hpa_Gift_Test.m */,
				DD713FAE2948DC7400514143 /* Hps_Hpa_Report_Test.m */,
				DD713FA12948DC7400514143 /* Hps_Hpa_VRF_Test.m */,
				DD713F922948DC7300514143 /* Hps_Pax_Admin_Tests.m */,
				DD713FA92948DC7400514143 /* Hps_Pax_Batch_Tests.m */,
				DD713FA62948DC7400514143 /* Hps_Pax_Connection_Tests.m */,
				DD713F9D2948DC7400514143 /* Hps_Pax_Debit_Tests.m */,
				DD713FA52948DC7400514143 /* Hps_Pax_Gift_Tests.m */,
				DD713FAC2948DC7400514143 /* Hps_Pax_Report_test.m */,
				DD713FA02948DC7400514143 /* Hps_Pax_VRF_Test.m */,
				DD713FAD2948DC7400514143 /* Hps_UPA_Admin_Test.m */,
				DD713FAA2948DC7400514143 /* Hps_UPA_Credit_Test.m */,
				DD713F9F2948DC7400514143 /* Hps_UPA_VRF_Test.m */,
				DD713F992948DC7400514143 /* HpsJsonDocTests.m */,
				DD713F962948DC7300514143 /* HpsPayRollTests.m */,
				DD713F952948DC7300514143 /* HpsTableServicesTest.m */,
				14F88D5E2A02E3AB009E821B /* HpsUPACATests.swift */,
				DD8CECF8294CC7370006908F /* HpsUPAStartCardTests.swift */,
				DD49DDB3296DDAE000EBD526 /* HpsUPALineItemDisplayTests.swift */,
				140FA9A42A4E2DCC006E493A /* HpsUPATipAdjustBuilderTests.swift */,
				143A437A298C47CB0027BC3F /* HpsCreditTests.swift */,
				DDFF6555299FC348004D41BF /* HpsUPASAFTests.swift */,
				149365D72A321C63005A37CC /* UpsUpaSignatureDataTests.swift */,
				DD713FA82948DC7400514143 /* Tests-Info.plist */,
				DD713FA22948DC7400514143 /* Tests-Prefix.pch */,
				DD8CECF7294CC7360006908F /* Heartland-iOS-SDK-SampleAppTests-Bridging-Header.h */,
			);
			path = "Heartland-iOS-SDK-SampleAppTests";
			sourceTree = "<group>";
		};
		DD713F8F2948DC7300514143 /* C2X */ = {
			isa = PBXGroup;
			children = (
				DD713F902948DC7300514143 /* Hps_C2X_Credit_Test.m */,
				DD713F912948DC7300514143 /* Hps_C2X_Device_Test.m */,
				143A437C29928DDA0027BC3F /* HpsC2XDeviceTests.swift */,
				14B86EFD29B02C3B00657AF3 /* C2XTransactionsTests.swift */,
			);
			path = C2X;
			sourceTree = "<group>";
		};
		DD713F9A2948DC7400514143 /* en.lproj */ = {
			isa = PBXGroup;
			children = (
				DD713F9B2948DC7400514143 /* InfoPlist.strings */,
			);
			path = en.lproj;
			sourceTree = "<group>";
		};
/* End PBXGroup section */

/* Begin PBXNativeTarget section */
		DD6A4F452937C221008B8165 /* Heartland-iOS-SDK-SampleApp */ = {
			isa = PBXNativeTarget;
			buildConfigurationList = DD6A4F5A2937C223008B8165 /* Build configuration list for PBXNativeTarget "Heartland-iOS-SDK-SampleApp" */;
			buildPhases = (
				DD6A4F422937C221008B8165 /* Sources */,
				DD6A4F432937C221008B8165 /* Frameworks */,
				DD6A4F442937C221008B8165 /* Resources */,
				DD6A4F742937C4EF008B8165 /* Embed Frameworks */,
			);
			buildRules = (
			);
			dependencies = (
			);
			name = "Heartland-iOS-SDK-SampleApp";
			productName = "Heartland-iOS-SDK-SampleApp";
			productReference = DD6A4F462937C221008B8165 /* Heartland-iOS-SDK-SampleApp.app */;
			productType = "com.apple.product-type.application";
		};
		DD713F852948DC3400514143 /* Heartland-iOS-SDK-SampleAppTests */ = {
			isa = PBXNativeTarget;
			buildConfigurationList = DD713F8E2948DC3400514143 /* Build configuration list for PBXNativeTarget "Heartland-iOS-SDK-SampleAppTests" */;
			buildPhases = (
				DD713F822948DC3400514143 /* Sources */,
				DD713F832948DC3400514143 /* Frameworks */,
				DD713F842948DC3400514143 /* Resources */,
			);
			buildRules = (
			);
			dependencies = (
				DD713F8B2948DC3400514143 /* PBXTargetDependency */,
			);
			name = "Heartland-iOS-SDK-SampleAppTests";
			productName = "Heartland-iOS-SDK-SampleAppTests";
			productReference = DD713F862948DC3400514143 /* Heartland-iOS-SDK-SampleAppTests.xctest */;
			productType = "com.apple.product-type.bundle.unit-test";
		};
/* End PBXNativeTarget section */

/* Begin PBXProject section */
		DD6A4F3E2937C221008B8165 /* Project object */ = {
			isa = PBXProject;
			attributes = {
				BuildIndependentTargetsInParallel = 1;
				LastSwiftUpdateCheck = 1410;
				LastUpgradeCheck = 1410;
				TargetAttributes = {
					DD6A4F452937C221008B8165 = {
						CreatedOnToolsVersion = 14.1;
						LastSwiftMigration = 1410;
					};
					DD713F852948DC3400514143 = {
						CreatedOnToolsVersion = 14.1;
						LastSwiftMigration = 1410;
						TestTargetID = DD6A4F452937C221008B8165;
					};
				};
			};
			buildConfigurationList = DD6A4F412937C221008B8165 /* Build configuration list for PBXProject "Heartland-iOS-SDK-SampleApp" */;
			compatibilityVersion = "Xcode 14.0";
			developmentRegion = en;
			hasScannedForEncodings = 0;
			knownRegions = (
				en,
				Base,
			);
			mainGroup = DD6A4F3D2937C221008B8165;
			productRefGroup = DD6A4F472937C221008B8165 /* Products */;
			projectDirPath = "";
			projectRoot = "";
			targets = (
				DD6A4F452937C221008B8165 /* Heartland-iOS-SDK-SampleApp */,
				DD713F852948DC3400514143 /* Heartland-iOS-SDK-SampleAppTests */,
			);
		};
/* End PBXProject section */

/* Begin PBXResourcesBuildPhase section */
		DD6A4F442937C221008B8165 /* Resources */ = {
			isa = PBXResourcesBuildPhase;
			buildActionMask = 2147483647;
			files = (
				DD6A4F562937C223008B8165 /* LaunchScreen.storyboard in Resources */,
				DD6A4F532937C223008B8165 /* Assets.xcassets in Resources */,
				DD6A4F512937C221008B8165 /* Main.storyboard in Resources */,
			);
			runOnlyForDeploymentPostprocessing = 0;
		};
		DD713F842948DC3400514143 /* Resources */ = {
			isa = PBXResourcesBuildPhase;
			buildActionMask = 2147483647;
			files = (
				DD713FC42948DC7500514143 /* Tests-Info.plist in Resources */,
				DD713FB92948DC7500514143 /* InfoPlist.strings in Resources */,
			);
			runOnlyForDeploymentPostprocessing = 0;
		};
/* End PBXResourcesBuildPhase section */

/* Begin PBXSourcesBuildPhase section */
		DD6A4F422937C221008B8165 /* Sources */ = {
			isa = PBXSourcesBuildPhase;
			buildActionMask = 2147483647;
			files = (
				DD6A4F6A2937C29B008B8165 /* AppDelegate.swift in Sources */,
				2896FA712A44AA7E0076BBFC /* UpaUSATransaction.swift in Sources */,
				DD6A4F682937C29B008B8165 /* ConnectC2XViewController.swift in Sources */,
				2896FA732A44AA930076BBFC /* PayAppCanadaTransaction.swift in Sources */,
				14A32FAF2949222800E160AD /* C2XFirmwareUpdateViewController.swift in Sources */,
				DD37C2F72B165674003891D7 /* TokenServiceHostedViewController.swift in Sources */,
				2896FA6C2A44A8720076BBFC /* UpaTransactionsViewController.swift in Sources */,
				DD6A4F692937C29B008B8165 /* Constants.swift in Sources */,
				2896FA6F2A44AA2E0076BBFC /* UpaTransactionProtocol.swift in Sources */,
				DD6A4F6B2937C29B008B8165 /* C2XTransactionsViewController.swift in Sources */,
				DD6A4F702937C3BF008B8165 /* MainViewController.swift in Sources */,
				DD37C2E72AE0829E003891D7 /* TapToPayHostedViewController.swift in Sources */,
			);
			runOnlyForDeploymentPostprocessing = 0;
		};
		DD713F822948DC3400514143 /* Sources */ = {
			isa = PBXSourcesBuildPhase;
			buildActionMask = 2147483647;
			files = (
				DD713FC02948DC7500514143 /* Heartland_TokenizationTests.m in Sources */,
				DD713FBD2948DC7500514143 /* Hps_Pax_VRF_Test.m in Sources */,
				DD713FBE2948DC7500514143 /* Hps_Hpa_VRF_Test.m in Sources */,
				DD713FC72948DC7500514143 /* Hps_Hpa_Admin_Test.m in Sources */,
				DD713FB42948DC7500514143 /* HpsTableServicesTest.m in Sources */,
				DD713FB62948DC7500514143 /* Hps_Hpa_Gift_Test.m in Sources */,
				DD713FBC2948DC7500514143 /* Hps_UPA_VRF_Test.m in Sources */,
				DD713FC52948DC7500514143 /* Hps_Pax_Batch_Tests.m in Sources */,
				14B86EFE29B02C3B00657AF3 /* C2XTransactionsTests.swift in Sources */,
				143A43842993D5F00027BC3F /* ObjC.m in Sources */,
				149365D82A321C63005A37CC /* UpsUpaSignatureDataTests.swift in Sources */,
				140FA9A52A4E2DCC006E493A /* HpsUPATipAdjustBuilderTests.swift in Sources */,
				DD8CECF9294CC7370006908F /* HpsUPAStartCardTests.swift in Sources */,
				14F88D5F2A02E3AB009E821B /* HpsUPACATests.swift in Sources */,
				143A437D29928DDA0027BC3F /* HpsC2XDeviceTests.swift in Sources */,
				143A437B298C47CB0027BC3F /* HpsCreditTests.swift in Sources */,
				DD713FB72948DC7500514143 /* Hps_Hpa_EBT_Test.m in Sources */,
				143A43802993BC5C0027BC3F /* HpsPaxCreditTests.swift in Sources */,
				DD713FC22948DC7500514143 /* Hps_Pax_Connection_Tests.m in Sources */,
				143A43862993D6AB0027BC3F /* ObjC+CatchException.swift in Sources */,
				DD713FB82948DC7500514143 /* HpsJsonDocTests.m in Sources */,
				DD713FB12948DC7500514143 /* Hps_Pax_Admin_Tests.m in Sources */,
				DDFF6556299FC348004D41BF /* HpsUPASAFTests.swift in Sources */,
				DD713FBA2948DC7500514143 /* Hps_Pax_Debit_Tests.m in Sources */,
				DD713FC92948DC7500514143 /* Hps_UPA_Admin_Test.m in Sources */,
				DD49DDB4296DDAE100EBD526 /* HpsUPALineItemDisplayTests.swift in Sources */,
				DD713FC32948DC7500514143 /* Hps_Hpa_Debit_Test.m in Sources */,
				DD713FAF2948DC7500514143 /* Hps_C2X_Credit_Test.m in Sources */,
				DD713FB32948DC7500514143 /* Heartland_GatewayTests.m in Sources */,
				DD713FBF2948DC7500514143 /* Hps_Hpa_Credit_Test.m in Sources */,
				DD713FB52948DC7500514143 /* HpsPayRollTests.m in Sources */,
				DD713FBB2948DC7500514143 /* Hps_Hpa_EOD_Test.m in Sources */,
				DD713FC62948DC7500514143 /* Hps_UPA_Credit_Test.m in Sources */,
				DD713FC82948DC7500514143 /* Hps_Pax_Report_test.m in Sources */,
				DD713FCA2948DC7500514143 /* Hps_Hpa_Report_Test.m in Sources */,
				DD713FB02948DC7500514143 /* Hps_C2X_Device_Test.m in Sources */,
				DD713FC12948DC7500514143 /* Hps_Pax_Gift_Tests.m in Sources */,
			);
			runOnlyForDeploymentPostprocessing = 0;
		};
/* End PBXSourcesBuildPhase section */

/* Begin PBXTargetDependency section */
		DD713F8B2948DC3400514143 /* PBXTargetDependency */ = {
			isa = PBXTargetDependency;
			target = DD6A4F452937C221008B8165 /* Heartland-iOS-SDK-SampleApp */;
			targetProxy = DD713F8A2948DC3400514143 /* PBXContainerItemProxy */;
		};
/* End PBXTargetDependency section */

/* Begin PBXVariantGroup section */
		DD6A4F4F2937C221008B8165 /* Main.storyboard */ = {
			isa = PBXVariantGroup;
			children = (
				DD6A4F502937C221008B8165 /* Base */,
			);
			name = Main.storyboard;
			sourceTree = "<group>";
		};
		DD6A4F542937C223008B8165 /* LaunchScreen.storyboard */ = {
			isa = PBXVariantGroup;
			children = (
				DD6A4F552937C223008B8165 /* Base */,
			);
			name = LaunchScreen.storyboard;
			sourceTree = "<group>";
		};
		DD713F9B2948DC7400514143 /* InfoPlist.strings */ = {
			isa = PBXVariantGroup;
			children = (
				DD713F9C2948DC7400514143 /* en */,
			);
			name = InfoPlist.strings;
			sourceTree = "<group>";
		};
/* End PBXVariantGroup section */

/* Begin XCBuildConfiguration section */
		DD6A4F582937C223008B8165 /* Debug */ = {
			isa = XCBuildConfiguration;
			buildSettings = {
				ALWAYS_SEARCH_USER_PATHS = NO;
				CLANG_ANALYZER_NONNULL = YES;
				CLANG_ANALYZER_NUMBER_OBJECT_CONVERSION = YES_AGGRESSIVE;
				CLANG_CXX_LANGUAGE_STANDARD = "gnu++20";
				CLANG_ENABLE_MODULES = YES;
				CLANG_ENABLE_OBJC_ARC = YES;
				CLANG_ENABLE_OBJC_WEAK = YES;
				CLANG_WARN_BLOCK_CAPTURE_AUTORELEASING = YES;
				CLANG_WARN_BOOL_CONVERSION = YES;
				CLANG_WARN_COMMA = YES;
				CLANG_WARN_CONSTANT_CONVERSION = YES;
				CLANG_WARN_DEPRECATED_OBJC_IMPLEMENTATIONS = YES;
				CLANG_WARN_DIRECT_OBJC_ISA_USAGE = YES_ERROR;
				CLANG_WARN_DOCUMENTATION_COMMENTS = YES;
				CLANG_WARN_EMPTY_BODY = YES;
				CLANG_WARN_ENUM_CONVERSION = YES;
				CLANG_WARN_INFINITE_RECURSION = YES;
				CLANG_WARN_INT_CONVERSION = YES;
				CLANG_WARN_NON_LITERAL_NULL_CONVERSION = YES;
				CLANG_WARN_OBJC_IMPLICIT_RETAIN_SELF = YES;
				CLANG_WARN_OBJC_LITERAL_CONVERSION = YES;
				CLANG_WARN_OBJC_ROOT_CLASS = YES_ERROR;
				CLANG_WARN_QUOTED_INCLUDE_IN_FRAMEWORK_HEADER = YES;
				CLANG_WARN_RANGE_LOOP_ANALYSIS = YES;
				CLANG_WARN_STRICT_PROTOTYPES = YES;
				CLANG_WARN_SUSPICIOUS_MOVE = YES;
				CLANG_WARN_UNGUARDED_AVAILABILITY = YES_AGGRESSIVE;
				CLANG_WARN_UNREACHABLE_CODE = YES;
				CLANG_WARN__DUPLICATE_METHOD_MATCH = YES;
				COPY_PHASE_STRIP = NO;
				DEBUG_INFORMATION_FORMAT = dwarf;
				ENABLE_STRICT_OBJC_MSGSEND = YES;
				ENABLE_TESTABILITY = YES;
				GCC_C_LANGUAGE_STANDARD = gnu11;
				GCC_DYNAMIC_NO_PIC = NO;
				GCC_NO_COMMON_BLOCKS = YES;
				GCC_OPTIMIZATION_LEVEL = 0;
				GCC_PREPROCESSOR_DEFINITIONS = (
					"DEBUG=1",
					"$(inherited)",
				);
				GCC_WARN_64_TO_32_BIT_CONVERSION = YES;
				GCC_WARN_ABOUT_RETURN_TYPE = YES_ERROR;
				GCC_WARN_UNDECLARED_SELECTOR = YES;
				GCC_WARN_UNINITIALIZED_AUTOS = YES_AGGRESSIVE;
				GCC_WARN_UNUSED_FUNCTION = YES;
				GCC_WARN_UNUSED_VARIABLE = YES;
				IPHONEOS_DEPLOYMENT_TARGET = 16.1;
				LD_RUNPATH_SEARCH_PATHS = "";
				MTL_ENABLE_DEBUG_INFO = INCLUDE_SOURCE;
				MTL_FAST_MATH = YES;
				ONLY_ACTIVE_ARCH = YES;
				SDKROOT = iphoneos;
				SWIFT_ACTIVE_COMPILATION_CONDITIONS = DEBUG;
				SWIFT_OPTIMIZATION_LEVEL = "-Onone";
			};
			name = Debug;
		};
		DD6A4F592937C223008B8165 /* Release */ = {
			isa = XCBuildConfiguration;
			buildSettings = {
				ALWAYS_SEARCH_USER_PATHS = NO;
				CLANG_ANALYZER_NONNULL = YES;
				CLANG_ANALYZER_NUMBER_OBJECT_CONVERSION = YES_AGGRESSIVE;
				CLANG_CXX_LANGUAGE_STANDARD = "gnu++20";
				CLANG_ENABLE_MODULES = YES;
				CLANG_ENABLE_OBJC_ARC = YES;
				CLANG_ENABLE_OBJC_WEAK = YES;
				CLANG_WARN_BLOCK_CAPTURE_AUTORELEASING = YES;
				CLANG_WARN_BOOL_CONVERSION = YES;
				CLANG_WARN_COMMA = YES;
				CLANG_WARN_CONSTANT_CONVERSION = YES;
				CLANG_WARN_DEPRECATED_OBJC_IMPLEMENTATIONS = YES;
				CLANG_WARN_DIRECT_OBJC_ISA_USAGE = YES_ERROR;
				CLANG_WARN_DOCUMENTATION_COMMENTS = YES;
				CLANG_WARN_EMPTY_BODY = YES;
				CLANG_WARN_ENUM_CONVERSION = YES;
				CLANG_WARN_INFINITE_RECURSION = YES;
				CLANG_WARN_INT_CONVERSION = YES;
				CLANG_WARN_NON_LITERAL_NULL_CONVERSION = YES;
				CLANG_WARN_OBJC_IMPLICIT_RETAIN_SELF = YES;
				CLANG_WARN_OBJC_LITERAL_CONVERSION = YES;
				CLANG_WARN_OBJC_ROOT_CLASS = YES_ERROR;
				CLANG_WARN_QUOTED_INCLUDE_IN_FRAMEWORK_HEADER = YES;
				CLANG_WARN_RANGE_LOOP_ANALYSIS = YES;
				CLANG_WARN_STRICT_PROTOTYPES = YES;
				CLANG_WARN_SUSPICIOUS_MOVE = YES;
				CLANG_WARN_UNGUARDED_AVAILABILITY = YES_AGGRESSIVE;
				CLANG_WARN_UNREACHABLE_CODE = YES;
				CLANG_WARN__DUPLICATE_METHOD_MATCH = YES;
				COPY_PHASE_STRIP = NO;
				DEBUG_INFORMATION_FORMAT = "dwarf-with-dsym";
				ENABLE_NS_ASSERTIONS = NO;
				ENABLE_STRICT_OBJC_MSGSEND = YES;
				GCC_C_LANGUAGE_STANDARD = gnu11;
				GCC_NO_COMMON_BLOCKS = YES;
				GCC_WARN_64_TO_32_BIT_CONVERSION = YES;
				GCC_WARN_ABOUT_RETURN_TYPE = YES_ERROR;
				GCC_WARN_UNDECLARED_SELECTOR = YES;
				GCC_WARN_UNINITIALIZED_AUTOS = YES_AGGRESSIVE;
				GCC_WARN_UNUSED_FUNCTION = YES;
				GCC_WARN_UNUSED_VARIABLE = YES;
				IPHONEOS_DEPLOYMENT_TARGET = 16.1;
				LD_RUNPATH_SEARCH_PATHS = "";
				MTL_ENABLE_DEBUG_INFO = NO;
				MTL_FAST_MATH = YES;
				SDKROOT = iphoneos;
				SWIFT_COMPILATION_MODE = wholemodule;
				SWIFT_OPTIMIZATION_LEVEL = "-O";
				VALIDATE_PRODUCT = YES;
			};
			name = Release;
		};
		DD6A4F5B2937C223008B8165 /* Debug */ = {
			isa = XCBuildConfiguration;
			buildSettings = {
				ASSETCATALOG_COMPILER_APPICON_NAME = AppIcon;
				ASSETCATALOG_COMPILER_GLOBAL_ACCENT_COLOR_NAME = AccentColor;
				CLANG_ENABLE_MODULES = YES;
				CODE_SIGN_IDENTITY = "Apple Development";
				CODE_SIGN_STYLE = Automatic;
				CURRENT_PROJECT_VERSION = 7;
				DEVELOPMENT_TEAM = "";
				ENABLE_BITCODE = NO;
				GENERATE_INFOPLIST_FILE = YES;
				INFOPLIST_FILE = "Heartland-iOS-SDK-SampleApp/Info.plist";
				INFOPLIST_KEY_CFBundleDisplayName = "Heartland iOS SDK Sample App";
				INFOPLIST_KEY_NSBluetoothAlwaysUsageDescription = "Bluetooth is needed to connect your payment devices.";
				INFOPLIST_KEY_NSBluetoothPeripheralUsageDescription = "Bluetooth is needed to connect your payment devices.";
				INFOPLIST_KEY_NSMicrophoneUsageDescription = "Microphone is used to connect devices for payments.";
				INFOPLIST_KEY_UIApplicationSupportsIndirectInputEvents = YES;
				INFOPLIST_KEY_UILaunchStoryboardName = LaunchScreen.storyboard;
				INFOPLIST_KEY_UIMainStoryboardFile = Main;
				INFOPLIST_KEY_UIRequiresFullScreen = YES;
				INFOPLIST_KEY_UISupportedInterfaceOrientations_iPad = "UIInterfaceOrientationPortrait UIInterfaceOrientationPortraitUpsideDown UIInterfaceOrientationLandscapeLeft UIInterfaceOrientationLandscapeRight";
				INFOPLIST_KEY_UISupportedInterfaceOrientations_iPhone = "UIInterfaceOrientationPortrait UIInterfaceOrientationLandscapeLeft UIInterfaceOrientationLandscapeRight";
				IPHONEOS_DEPLOYMENT_TARGET = 16.0;
				LD_RUNPATH_SEARCH_PATHS = (
					"$(inherited)",
					"@executable_path/Frameworks",
				);
				MARKETING_VERSION = 1.0;
				PRODUCT_BUNDLE_IDENTIFIER = "com.heartlandpaymentsystems.Heartland-iOS-SDK-SampleApp";
				PRODUCT_NAME = "$(TARGET_NAME)";
				PROVISIONING_PROFILE_SPECIFIER = "";
				SWIFT_EMIT_LOC_STRINGS = YES;
				SWIFT_OBJC_BRIDGING_HEADER = "Heartland-iOS-SDK-SampleApp/Heartland-iOS-SDK-SampleApp-Bridging-Header.h";
				SWIFT_OPTIMIZATION_LEVEL = "-Onone";
				SWIFT_VERSION = 5.0;
				TARGETED_DEVICE_FAMILY = "1,2";
			};
			name = Debug;
		};
		DD6A4F5C2937C223008B8165 /* Release */ = {
			isa = XCBuildConfiguration;
			buildSettings = {
				ASSETCATALOG_COMPILER_APPICON_NAME = AppIcon;
				ASSETCATALOG_COMPILER_GLOBAL_ACCENT_COLOR_NAME = AccentColor;
				CLANG_ENABLE_MODULES = YES;
				CODE_SIGN_IDENTITY = "Apple Development";
				CODE_SIGN_STYLE = Automatic;
				CURRENT_PROJECT_VERSION = 7;
				DEVELOPMENT_TEAM = "";
				ENABLE_BITCODE = NO;
				GENERATE_INFOPLIST_FILE = YES;
				INFOPLIST_FILE = "Heartland-iOS-SDK-SampleApp/Info.plist";
				INFOPLIST_KEY_CFBundleDisplayName = "Heartland iOS SDK Sample App";
				INFOPLIST_KEY_NSBluetoothAlwaysUsageDescription = "Bluetooth is needed to connect your payment devices.";
				INFOPLIST_KEY_NSBluetoothPeripheralUsageDescription = "Bluetooth is needed to connect your payment devices.";
				INFOPLIST_KEY_NSMicrophoneUsageDescription = "Microphone is used to connect devices for payments.";
				INFOPLIST_KEY_UIApplicationSupportsIndirectInputEvents = YES;
				INFOPLIST_KEY_UILaunchStoryboardName = LaunchScreen.storyboard;
				INFOPLIST_KEY_UIMainStoryboardFile = Main;
				INFOPLIST_KEY_UIRequiresFullScreen = YES;
				INFOPLIST_KEY_UISupportedInterfaceOrientations_iPad = "UIInterfaceOrientationPortrait UIInterfaceOrientationPortraitUpsideDown UIInterfaceOrientationLandscapeLeft UIInterfaceOrientationLandscapeRight";
				INFOPLIST_KEY_UISupportedInterfaceOrientations_iPhone = "UIInterfaceOrientationPortrait UIInterfaceOrientationLandscapeLeft UIInterfaceOrientationLandscapeRight";
				IPHONEOS_DEPLOYMENT_TARGET = 16.0;
				LD_RUNPATH_SEARCH_PATHS = (
					"$(inherited)",
					"@executable_path/Frameworks",
				);
				MARKETING_VERSION = 1.0;
				PRODUCT_BUNDLE_IDENTIFIER = "com.heartlandpaymentsystems.Heartland-iOS-SDK-SampleApp";
				PRODUCT_NAME = "$(TARGET_NAME)";
				PROVISIONING_PROFILE_SPECIFIER = "";
				SWIFT_EMIT_LOC_STRINGS = YES;
				SWIFT_OBJC_BRIDGING_HEADER = "Heartland-iOS-SDK-SampleApp/Heartland-iOS-SDK-SampleApp-Bridging-Header.h";
				SWIFT_VERSION = 5.0;
				TARGETED_DEVICE_FAMILY = "1,2";
			};
			name = Release;
		};
		DD713F8C2948DC3400514143 /* Debug */ = {
			isa = XCBuildConfiguration;
			buildSettings = {
				ALWAYS_EMBED_SWIFT_STANDARD_LIBRARIES = YES;
				BUNDLE_LOADER = "$(TEST_HOST)";
				CLANG_ENABLE_MODULES = YES;
				CODE_SIGN_IDENTITY = "Apple Development";
				CODE_SIGN_STYLE = Automatic;
				CURRENT_PROJECT_VERSION = 1;
				DEVELOPMENT_TEAM = "";
				GENERATE_INFOPLIST_FILE = YES;
				LD_RUNPATH_SEARCH_PATHS = (
					"$(inherited)",
					"@executable_path/Frameworks",
					"@loader_path/Frameworks",
				);
				MARKETING_VERSION = 1.0;
				PRODUCT_BUNDLE_IDENTIFIER = "com.heartlandpaymentsystems.Heartland-iOS-SDK-SampleApp";
				PRODUCT_NAME = "$(TARGET_NAME)";
				PROVISIONING_PROFILE_SPECIFIER = "";
				SWIFT_EMIT_LOC_STRINGS = NO;
				SWIFT_OBJC_BRIDGING_HEADER = "Heartland-iOS-SDK-SampleAppTests/Heartland-iOS-SDK-SampleAppTests-Bridging-Header.h";
				SWIFT_OPTIMIZATION_LEVEL = "-Onone";
				SWIFT_VERSION = 5.0;
				TARGETED_DEVICE_FAMILY = "1,2";
				TEST_HOST = "$(BUILT_PRODUCTS_DIR)/Heartland-iOS-SDK-SampleApp.app/$(BUNDLE_EXECUTABLE_FOLDER_PATH)/Heartland-iOS-SDK-SampleApp";
			};
			name = Debug;
		};
		DD713F8D2948DC3400514143 /* Release */ = {
			isa = XCBuildConfiguration;
			buildSettings = {
				ALWAYS_EMBED_SWIFT_STANDARD_LIBRARIES = YES;
				BUNDLE_LOADER = "$(TEST_HOST)";
				CLANG_ENABLE_MODULES = YES;
				CODE_SIGN_IDENTITY = "Apple Development";
				CODE_SIGN_STYLE = Automatic;
				CURRENT_PROJECT_VERSION = 1;
				DEVELOPMENT_TEAM = "";
				GENERATE_INFOPLIST_FILE = YES;
				LD_RUNPATH_SEARCH_PATHS = (
					"$(inherited)",
					"@executable_path/Frameworks",
					"@loader_path/Frameworks",
				);
				MARKETING_VERSION = 1.0;
				PRODUCT_BUNDLE_IDENTIFIER = "com.heartlandpaymentsystems.Heartland-iOS-SDK-SampleApp";
				PRODUCT_NAME = "$(TARGET_NAME)";
				PROVISIONING_PROFILE_SPECIFIER = "";
				SWIFT_EMIT_LOC_STRINGS = NO;
				SWIFT_OBJC_BRIDGING_HEADER = "Heartland-iOS-SDK-SampleAppTests/Heartland-iOS-SDK-SampleAppTests-Bridging-Header.h";
				SWIFT_VERSION = 5.0;
				TARGETED_DEVICE_FAMILY = "1,2";
				TEST_HOST = "$(BUILT_PRODUCTS_DIR)/Heartland-iOS-SDK-SampleApp.app/$(BUNDLE_EXECUTABLE_FOLDER_PATH)/Heartland-iOS-SDK-SampleApp";
			};
			name = Release;
		};
/* End XCBuildConfiguration section */

/* Begin XCConfigurationList section */
		DD6A4F412937C221008B8165 /* Build configuration list for PBXProject "Heartland-iOS-SDK-SampleApp" */ = {
			isa = XCConfigurationList;
			buildConfigurations = (
				DD6A4F582937C223008B8165 /* Debug */,
				DD6A4F592937C223008B8165 /* Release */,
			);
			defaultConfigurationIsVisible = 0;
			defaultConfigurationName = Release;
		};
		DD6A4F5A2937C223008B8165 /* Build configuration list for PBXNativeTarget "Heartland-iOS-SDK-SampleApp" */ = {
			isa = XCConfigurationList;
			buildConfigurations = (
				DD6A4F5B2937C223008B8165 /* Debug */,
				DD6A4F5C2937C223008B8165 /* Release */,
			);
			defaultConfigurationIsVisible = 0;
			defaultConfigurationName = Release;
		};
		DD713F8E2948DC3400514143 /* Build configuration list for PBXNativeTarget "Heartland-iOS-SDK-SampleAppTests" */ = {
			isa = XCConfigurationList;
			buildConfigurations = (
				DD713F8C2948DC3400514143 /* Debug */,
				DD713F8D2948DC3400514143 /* Release */,
			);
			defaultConfigurationIsVisible = 0;
			defaultConfigurationName = Release;
		};
/* End XCConfigurationList section */
	};
	rootObject = DD6A4F3E2937C221008B8165 /* Project object */;
}
