// !$*UTF8*$!
{
	archiveVersion = 1;
	classes = {
	};
	objectVersion = 46;
	objects = {

/* Begin PBXBuildFile section */
		3456ADAD25CB03F1000484E8 /* Hps_C2X_Device_Test.m in Sources */ = {isa = PBXBuildFile; fileRef = 3456ADAC25CB03F1000484E8 /* Hps_C2X_Device_Test.m */; };
		3456ADB325CB0442000484E8 /* Hps_C2X_Credit_Test.m in Sources */ = {isa = PBXBuildFile; fileRef = 3456ADB225CB0442000484E8 /* Hps_C2X_Credit_Test.m */; };
		6003F58E195388D20070C39A /* Foundation.framework in Frameworks */ = {isa = PBXBuildFile; fileRef = 6003F58D195388D20070C39A /* Foundation.framework */; };
		6003F590195388D20070C39A /* CoreGraphics.framework in Frameworks */ = {isa = PBXBuildFile; fileRef = 6003F58F195388D20070C39A /* CoreGraphics.framework */; };
		6003F592195388D20070C39A /* UIKit.framework in Frameworks */ = {isa = PBXBuildFile; fileRef = 6003F591195388D20070C39A /* UIKit.framework */; };
		6003F598195388D20070C39A /* InfoPlist.strings in Resources */ = {isa = PBXBuildFile; fileRef = 6003F596195388D20070C39A /* InfoPlist.strings */; };
		6003F59A195388D20070C39A /* main.m in Sources */ = {isa = PBXBuildFile; fileRef = 6003F599195388D20070C39A /* main.m */; };
		6003F59E195388D20070C39A /* HpsAppDelegate.m in Sources */ = {isa = PBXBuildFile; fileRef = 6003F59D195388D20070C39A /* HpsAppDelegate.m */; };
		6003F5A7195388D20070C39A /* HpsViewController.m in Sources */ = {isa = PBXBuildFile; fileRef = 6003F5A6195388D20070C39A /* HpsViewController.m */; };
		6003F5A9195388D20070C39A /* Images.xcassets in Resources */ = {isa = PBXBuildFile; fileRef = 6003F5A8195388D20070C39A /* Images.xcassets */; };
		6003F5B0195388D20070C39A /* XCTest.framework in Frameworks */ = {isa = PBXBuildFile; fileRef = 6003F5AF195388D20070C39A /* XCTest.framework */; };
		6003F5B1195388D20070C39A /* Foundation.framework in Frameworks */ = {isa = PBXBuildFile; fileRef = 6003F58D195388D20070C39A /* Foundation.framework */; };
		6003F5B2195388D20070C39A /* UIKit.framework in Frameworks */ = {isa = PBXBuildFile; fileRef = 6003F591195388D20070C39A /* UIKit.framework */; };
		6003F5BA195388D20070C39A /* InfoPlist.strings in Resources */ = {isa = PBXBuildFile; fileRef = 6003F5B8195388D20070C39A /* InfoPlist.strings */; };
		840256431DEE1BB90078B6A2 /* Hps_Pax_Debit_Tests.m in Sources */ = {isa = PBXBuildFile; fileRef = 840256421DEE1BB90078B6A2 /* Hps_Pax_Debit_Tests.m */; };
		848DD45C1D75FBE500D3F658 /* Hps_Pax_Gift_Tests.m in Sources */ = {isa = PBXBuildFile; fileRef = 848DD45A1D75FBDE00D3F658 /* Hps_Pax_Gift_Tests.m */; };
		84CD39E81C45A73E006FED91 /* heartlandlogo.png in Resources */ = {isa = PBXBuildFile; fileRef = 84CD39E71C45A73E006FED91 /* heartlandlogo.png */; };
		84FA62D61C035C47007854D5 /* Heartland_TokenizationTests.m in Sources */ = {isa = PBXBuildFile; fileRef = 84FA62D31C035BB3007854D5 /* Heartland_TokenizationTests.m */; };
		84FA62D71C035C4B007854D5 /* Heartland_GatewayTests.m in Sources */ = {isa = PBXBuildFile; fileRef = 84FA62D21C035BB3007854D5 /* Heartland_GatewayTests.m */; };
		84FFB2C91D63534D00D56BF9 /* Hps_Pax_Connection_Tests.m in Sources */ = {isa = PBXBuildFile; fileRef = 84FFB2C41D63529800D56BF9 /* Hps_Pax_Connection_Tests.m */; };
		84FFB2CA1D63535000D56BF9 /* Hps_Pax_Admin_Tests.m in Sources */ = {isa = PBXBuildFile; fileRef = 84FFB2C71D6352E900D56BF9 /* Hps_Pax_Admin_Tests.m */; };
		84FFB2CC1D63537400D56BF9 /* Hps_Pax_Credit_Tests.m in Sources */ = {isa = PBXBuildFile; fileRef = 84FFB2CB1D63537400D56BF9 /* Hps_Pax_Credit_Tests.m */; };
		8706DB3B29562C8A195DB4FD /* Pods_Heartland_iOS_SDK_Example.framework in Frameworks */ = {isa = PBXBuildFile; fileRef = 2D472C6C84F02E1033D8F882 /* Pods_Heartland_iOS_SDK_Example.framework */; };
		873B8AEB1B1F5CCA007FD442 /* Main.storyboard in Resources */ = {isa = PBXBuildFile; fileRef = 873B8AEA1B1F5CCA007FD442 /* Main.storyboard */; };
		D50E0E0B693E4B509A8E491C /* Pods_Heartland_iOS_SDK_Tests.framework in Frameworks */ = {isa = PBXBuildFile; fileRef = 90EC82F001209D3ECA5AEE8C /* Pods_Heartland_iOS_SDK_Tests.framework */; };
		DB30662B2188794A00F6E101 /* Hps_Hpa_Report_Test.m in Sources */ = {isa = PBXBuildFile; fileRef = DB30662A2188794A00F6E101 /* Hps_Hpa_Report_Test.m */; };
		DB3DC11C2004F7EA0037521A /* Hps_Hpa_VRF_Test.m in Sources */ = {isa = PBXBuildFile; fileRef = DB3DC11B2004F7EA0037521A /* Hps_Hpa_VRF_Test.m */; };
		DB8A59C11F4BDF7000B98B73 /* Hps_Pax_VRF_Test.m in Sources */ = {isa = PBXBuildFile; fileRef = DB8A59C01F4BDF7000B98B73 /* Hps_Pax_VRF_Test.m */; };
		DBDA36711FAB430900CF5146 /* Hps_Hpa_Admin_Test.m in Sources */ = {isa = PBXBuildFile; fileRef = DBDA36701FAB430900CF5146 /* Hps_Hpa_Admin_Test.m */; };
		DBDA367E1FB01C2000CF5146 /* Hps_Hpa_Credit_Test.m in Sources */ = {isa = PBXBuildFile; fileRef = DBDA367D1FB01C2000CF5146 /* Hps_Hpa_Credit_Test.m */; };
		DBE8B01A20ECA30B006F8B97 /* HpsPayRollTests.m in Sources */ = {isa = PBXBuildFile; fileRef = DBE8B01920ECA30B006F8B97 /* HpsPayRollTests.m */; };
		DBF1B0A52080B3C7007A775E /* HpsTableServicesTest.m in Sources */ = {isa = PBXBuildFile; fileRef = DBF1B0A42080B3C7007A775E /* HpsTableServicesTest.m */; };
		DBF1DE8B1FB9AEF100D57C16 /* Hps_Hpa_Debit_Test.m in Sources */ = {isa = PBXBuildFile; fileRef = DBF1DE8A1FB9AEF100D57C16 /* Hps_Hpa_Debit_Test.m */; };
		DBF1DE8D1FB9AF0900D57C16 /* Hps_Hpa_Gift_Test.m in Sources */ = {isa = PBXBuildFile; fileRef = DBF1DE8C1FB9AF0900D57C16 /* Hps_Hpa_Gift_Test.m */; };
		E2576C2D243C78D1002E4CA4 /* Hps_Pax_Report_test.m in Sources */ = {isa = PBXBuildFile; fileRef = E2576C2C243C78D1002E4CA4 /* Hps_Pax_Report_test.m */; };
		E2A3363B2455C6950041AD64 /* Hps_Pax_Batch_Tests.m in Sources */ = {isa = PBXBuildFile; fileRef = E2A3363A2455C6950041AD64 /* Hps_Pax_Batch_Tests.m */; };
		E2B1C1BC2403DFF20040D5C7 /* Hps_Hpa_EOD_Test.m in Sources */ = {isa = PBXBuildFile; fileRef = E2B1C1BB2403DFF20040D5C7 /* Hps_Hpa_EOD_Test.m */; };
		E2B1C1EB24190C820040D5C7 /* Hps_Hpa_EBT_Test.m in Sources */ = {isa = PBXBuildFile; fileRef = E2B1C1EA24190C820040D5C7 /* Hps_Hpa_EBT_Test.m */; };
		EF6EA442263775200039FA6B /* HRGMSDeviceViewController.m in Sources */ = {isa = PBXBuildFile; fileRef = EF6EA441263775200039FA6B /* HRGMSDeviceViewController.m */; };
		EF6EA447263776030039FA6B /* HRGMSDeviceManager.m in Sources */ = {isa = PBXBuildFile; fileRef = EF6EA446263776030039FA6B /* HRGMSDeviceManager.m */; };
		EF7F84EF2698CE1300CA7099 /* HRPAXTransactionViewController.m in Sources */ = {isa = PBXBuildFile; fileRef = EF7F84EE2698CE1300CA7099 /* HRPAXTransactionViewController.m */; };
		EF7F84F42698D15900CA7099 /* HRPAXTransactionViewModel.m in Sources */ = {isa = PBXBuildFile; fileRef = EF7F84F32698D15900CA7099 /* HRPAXTransactionViewModel.m */; };
		EF7F84F92698D3BA00CA7099 /* HRPAXTransactionManager.m in Sources */ = {isa = PBXBuildFile; fileRef = EF7F84F82698D3BA00CA7099 /* HRPAXTransactionManager.m */; };
		EF80F8BF267BF3F50097FF73 /* HRGMSTransactionViewController.m in Sources */ = {isa = PBXBuildFile; fileRef = EF80F8BE267BF3F50097FF73 /* HRGMSTransactionViewController.m */; };
		EF80F8CB267BF4730097FF73 /* HRGMSTransactionViewModel.m in Sources */ = {isa = PBXBuildFile; fileRef = EF80F8CA267BF4730097FF73 /* HRGMSTransactionViewModel.m */; };
		EFA712B3268CE7000041EC21 /* HRGMSTransactionLogger.m in Sources */ = {isa = PBXBuildFile; fileRef = EFA712B2268CE7000041EC21 /* HRGMSTransactionLogger.m */; };
		EFDB8B46267C0A62004DFCDA /* HRGMSTransactionService.m in Sources */ = {isa = PBXBuildFile; fileRef = EFDB8B45267C0A62004DFCDA /* HRGMSTransactionService.m */; };
		EFDB8B4B267C176D004DFCDA /* HRGMSSerializationService.m in Sources */ = {isa = PBXBuildFile; fileRef = EFDB8B4A267C176D004DFCDA /* HRGMSSerializationService.m */; };
/* End PBXBuildFile section */

/* Begin PBXContainerItemProxy section */
		6003F5B3195388D20070C39A /* PBXContainerItemProxy */ = {
			isa = PBXContainerItemProxy;
			containerPortal = 6003F582195388D10070C39A /* Project object */;
			proxyType = 1;
			remoteGlobalIDString = 6003F589195388D20070C39A;
			remoteInfo = "Heartland-iOS-SDK";
		};
/* End PBXContainerItemProxy section */

/* Begin PBXFileReference section */
		08D636DD28A9667ED2741E32 /* Pods-Heartland-iOS-SDK_Tests.pax_testing.xcconfig */ = {isa = PBXFileReference; includeInIndex = 1; lastKnownFileType = text.xcconfig; name = "Pods-Heartland-iOS-SDK_Tests.pax_testing.xcconfig"; path = "Pods/Target Support Files/Pods-Heartland-iOS-SDK_Tests/Pods-Heartland-iOS-SDK_Tests.pax_testing.xcconfig"; sourceTree = "<group>"; };
		253ABA11EC670E90EACA486A /* Pods-Heartland-iOS-SDK_Tests.release.xcconfig */ = {isa = PBXFileReference; includeInIndex = 1; lastKnownFileType = text.xcconfig; name = "Pods-Heartland-iOS-SDK_Tests.release.xcconfig"; path = "Pods/Target Support Files/Pods-Heartland-iOS-SDK_Tests/Pods-Heartland-iOS-SDK_Tests.release.xcconfig"; sourceTree = "<group>"; };
		2D472C6C84F02E1033D8F882 /* Pods_Heartland_iOS_SDK_Example.framework */ = {isa = PBXFileReference; explicitFileType = wrapper.framework; includeInIndex = 0; path = Pods_Heartland_iOS_SDK_Example.framework; sourceTree = BUILT_PRODUCTS_DIR; };
		3456ADAC25CB03F1000484E8 /* Hps_C2X_Device_Test.m */ = {isa = PBXFileReference; lastKnownFileType = sourcecode.c.objc; path = Hps_C2X_Device_Test.m; sourceTree = "<group>"; };
		3456ADB225CB0442000484E8 /* Hps_C2X_Credit_Test.m */ = {isa = PBXFileReference; lastKnownFileType = sourcecode.c.objc; path = Hps_C2X_Credit_Test.m; sourceTree = "<group>"; };
		3FA9B09A5740798478B9281B /* Heartland-iOS-SDK.podspec */ = {isa = PBXFileReference; includeInIndex = 1; lastKnownFileType = text; name = "Heartland-iOS-SDK.podspec"; path = "../Heartland-iOS-SDK.podspec"; sourceTree = "<group>"; xcLanguageSpecificationIdentifier = xcode.lang.ruby; };
		6003F58A195388D20070C39A /* Heartland-iOS-SDK_Example.app */ = {isa = PBXFileReference; explicitFileType = wrapper.application; includeInIndex = 0; path = "Heartland-iOS-SDK_Example.app"; sourceTree = BUILT_PRODUCTS_DIR; };
		6003F58D195388D20070C39A /* Foundation.framework */ = {isa = PBXFileReference; lastKnownFileType = wrapper.framework; name = Foundation.framework; path = System/Library/Frameworks/Foundation.framework; sourceTree = SDKROOT; };
		6003F58F195388D20070C39A /* CoreGraphics.framework */ = {isa = PBXFileReference; lastKnownFileType = wrapper.framework; name = CoreGraphics.framework; path = System/Library/Frameworks/CoreGraphics.framework; sourceTree = SDKROOT; };
		6003F591195388D20070C39A /* UIKit.framework */ = {isa = PBXFileReference; lastKnownFileType = wrapper.framework; name = UIKit.framework; path = System/Library/Frameworks/UIKit.framework; sourceTree = SDKROOT; };
		6003F595195388D20070C39A /* Heartland-iOS-SDK-Info.plist */ = {isa = PBXFileReference; lastKnownFileType = text.plist.xml; path = "Heartland-iOS-SDK-Info.plist"; sourceTree = "<group>"; };
		6003F597195388D20070C39A /* en */ = {isa = PBXFileReference; lastKnownFileType = text.plist.strings; name = en; path = en.lproj/InfoPlist.strings; sourceTree = "<group>"; };
		6003F599195388D20070C39A /* main.m */ = {isa = PBXFileReference; lastKnownFileType = sourcecode.c.objc; path = main.m; sourceTree = "<group>"; };
		6003F59B195388D20070C39A /* Heartland-iOS-SDK-Prefix.pch */ = {isa = PBXFileReference; lastKnownFileType = sourcecode.c.h; path = "Heartland-iOS-SDK-Prefix.pch"; sourceTree = "<group>"; };
		6003F59C195388D20070C39A /* HpsAppDelegate.h */ = {isa = PBXFileReference; lastKnownFileType = sourcecode.c.h; path = HpsAppDelegate.h; sourceTree = "<group>"; };
		6003F59D195388D20070C39A /* HpsAppDelegate.m */ = {isa = PBXFileReference; lastKnownFileType = sourcecode.c.objc; path = HpsAppDelegate.m; sourceTree = "<group>"; };
		6003F5A5195388D20070C39A /* HpsViewController.h */ = {isa = PBXFileReference; lastKnownFileType = sourcecode.c.h; path = HpsViewController.h; sourceTree = "<group>"; };
		6003F5A6195388D20070C39A /* HpsViewController.m */ = {isa = PBXFileReference; lastKnownFileType = sourcecode.c.objc; path = HpsViewController.m; sourceTree = "<group>"; };
		6003F5A8195388D20070C39A /* Images.xcassets */ = {isa = PBXFileReference; lastKnownFileType = folder.assetcatalog; path = Images.xcassets; sourceTree = "<group>"; };
		6003F5AE195388D20070C39A /* Heartland-iOS-SDK_Tests.xctest */ = {isa = PBXFileReference; explicitFileType = wrapper.cfbundle; includeInIndex = 0; path = "Heartland-iOS-SDK_Tests.xctest"; sourceTree = BUILT_PRODUCTS_DIR; };
		6003F5AF195388D20070C39A /* XCTest.framework */ = {isa = PBXFileReference; lastKnownFileType = wrapper.framework; name = XCTest.framework; path = Library/Frameworks/XCTest.framework; sourceTree = DEVELOPER_DIR; };
		6003F5B7195388D20070C39A /* Tests-Info.plist */ = {isa = PBXFileReference; lastKnownFileType = text.plist.xml; path = "Tests-Info.plist"; sourceTree = "<group>"; };
		6003F5B9195388D20070C39A /* en */ = {isa = PBXFileReference; lastKnownFileType = text.plist.strings; name = en; path = en.lproj/InfoPlist.strings; sourceTree = "<group>"; };
		606FC2411953D9B200FFA9A0 /* Tests-Prefix.pch */ = {isa = PBXFileReference; lastKnownFileType = sourcecode.c.h; path = "Tests-Prefix.pch"; sourceTree = "<group>"; };
		61BF46B1C380625FF377FAA8 /* Pods-Heartland-iOS-SDK_Tests.debug.xcconfig */ = {isa = PBXFileReference; includeInIndex = 1; lastKnownFileType = text.xcconfig; name = "Pods-Heartland-iOS-SDK_Tests.debug.xcconfig"; path = "Pods/Target Support Files/Pods-Heartland-iOS-SDK_Tests/Pods-Heartland-iOS-SDK_Tests.debug.xcconfig"; sourceTree = "<group>"; };
		70FD3C3038658BD48AC9ADBB /* Pods-Heartland-iOS-SDK_Example.debug.xcconfig */ = {isa = PBXFileReference; includeInIndex = 1; lastKnownFileType = text.xcconfig; name = "Pods-Heartland-iOS-SDK_Example.debug.xcconfig"; path = "Pods/Target Support Files/Pods-Heartland-iOS-SDK_Example/Pods-Heartland-iOS-SDK_Example.debug.xcconfig"; sourceTree = "<group>"; };
		75EF1144CF33D3C27B73A4D1 /* Pods-Heartland-iOS-SDK_Example.release.xcconfig */ = {isa = PBXFileReference; includeInIndex = 1; lastKnownFileType = text.xcconfig; name = "Pods-Heartland-iOS-SDK_Example.release.xcconfig"; path = "Pods/Target Support Files/Pods-Heartland-iOS-SDK_Example/Pods-Heartland-iOS-SDK_Example.release.xcconfig"; sourceTree = "<group>"; };
		840256421DEE1BB90078B6A2 /* Hps_Pax_Debit_Tests.m */ = {isa = PBXFileReference; fileEncoding = 4; lastKnownFileType = sourcecode.c.objc; path = Hps_Pax_Debit_Tests.m; sourceTree = "<group>"; };
		848DD45A1D75FBDE00D3F658 /* Hps_Pax_Gift_Tests.m */ = {isa = PBXFileReference; fileEncoding = 4; lastKnownFileType = sourcecode.c.objc; path = Hps_Pax_Gift_Tests.m; sourceTree = "<group>"; };
		84CD39E71C45A73E006FED91 /* heartlandlogo.png */ = {isa = PBXFileReference; lastKnownFileType = image.png; path = heartlandlogo.png; sourceTree = "<group>"; };
		84FA62D21C035BB3007854D5 /* Heartland_GatewayTests.m */ = {isa = PBXFileReference; fileEncoding = 4; lastKnownFileType = sourcecode.c.objc; path = Heartland_GatewayTests.m; sourceTree = "<group>"; };
		84FA62D31C035BB3007854D5 /* Heartland_TokenizationTests.m */ = {isa = PBXFileReference; fileEncoding = 4; lastKnownFileType = sourcecode.c.objc; path = Heartland_TokenizationTests.m; sourceTree = "<group>"; };
		84FFB2C41D63529800D56BF9 /* Hps_Pax_Connection_Tests.m */ = {isa = PBXFileReference; fileEncoding = 4; lastKnownFileType = sourcecode.c.objc; path = Hps_Pax_Connection_Tests.m; sourceTree = "<group>"; };
		84FFB2C71D6352E900D56BF9 /* Hps_Pax_Admin_Tests.m */ = {isa = PBXFileReference; fileEncoding = 4; lastKnownFileType = sourcecode.c.objc; path = Hps_Pax_Admin_Tests.m; sourceTree = "<group>"; };
		84FFB2CB1D63537400D56BF9 /* Hps_Pax_Credit_Tests.m */ = {isa = PBXFileReference; fileEncoding = 4; lastKnownFileType = sourcecode.c.objc; path = Hps_Pax_Credit_Tests.m; sourceTree = "<group>"; };
		873B8AEA1B1F5CCA007FD442 /* Main.storyboard */ = {isa = PBXFileReference; fileEncoding = 4; lastKnownFileType = file.storyboard; path = Main.storyboard; sourceTree = "<group>"; };
		90EC82F001209D3ECA5AEE8C /* Pods_Heartland_iOS_SDK_Tests.framework */ = {isa = PBXFileReference; explicitFileType = wrapper.framework; includeInIndex = 0; path = Pods_Heartland_iOS_SDK_Tests.framework; sourceTree = BUILT_PRODUCTS_DIR; };
		93A863AAB90A2F8CE2547765 /* Pods-Heartland-iOS-SDK_Example.pax_testing.xcconfig */ = {isa = PBXFileReference; includeInIndex = 1; lastKnownFileType = text.xcconfig; name = "Pods-Heartland-iOS-SDK_Example.pax_testing.xcconfig"; path = "Pods/Target Support Files/Pods-Heartland-iOS-SDK_Example/Pods-Heartland-iOS-SDK_Example.pax_testing.xcconfig"; sourceTree = "<group>"; };
		B3271F7E0C265B59AE8894E1 /* README.md */ = {isa = PBXFileReference; includeInIndex = 1; lastKnownFileType = net.daringfireball.markdown; name = README.md; path = ../README.md; sourceTree = "<group>"; };
		D51EA908AC81E7B7EB89E8D5 /* LICENSE */ = {isa = PBXFileReference; includeInIndex = 1; lastKnownFileType = text; name = LICENSE; path = ../LICENSE; sourceTree = "<group>"; };
		DB30662A2188794A00F6E101 /* Hps_Hpa_Report_Test.m */ = {isa = PBXFileReference; lastKnownFileType = sourcecode.c.objc; path = Hps_Hpa_Report_Test.m; sourceTree = "<group>"; };
		DB3DC11B2004F7EA0037521A /* Hps_Hpa_VRF_Test.m */ = {isa = PBXFileReference; fileEncoding = 4; lastKnownFileType = sourcecode.c.objc; path = Hps_Hpa_VRF_Test.m; sourceTree = "<group>"; };
		DB69ED071ECA0EFF0004FEF7 /* Heartland-iOS-SDK_Tests copy-Info.plist */ = {isa = PBXFileReference; lastKnownFileType = text.plist.xml; name = "Heartland-iOS-SDK_Tests copy-Info.plist"; path = "/Users/anuragsharma/Documents/HeartlandProjectWork/EnterPrise/Heartland-iOS-SDK/Example/Heartland-iOS-SDK_Tests copy-Info.plist"; sourceTree = "<absolute>"; };
		DB8A59C01F4BDF7000B98B73 /* Hps_Pax_VRF_Test.m */ = {isa = PBXFileReference; fileEncoding = 4; lastKnownFileType = sourcecode.c.objc; path = Hps_Pax_VRF_Test.m; sourceTree = "<group>"; };
		DBDA36701FAB430900CF5146 /* Hps_Hpa_Admin_Test.m */ = {isa = PBXFileReference; fileEncoding = 4; lastKnownFileType = sourcecode.c.objc; path = Hps_Hpa_Admin_Test.m; sourceTree = "<group>"; };
		DBDA367D1FB01C2000CF5146 /* Hps_Hpa_Credit_Test.m */ = {isa = PBXFileReference; fileEncoding = 4; lastKnownFileType = sourcecode.c.objc; path = Hps_Hpa_Credit_Test.m; sourceTree = "<group>"; };
		DBE8B01920ECA30B006F8B97 /* HpsPayRollTests.m */ = {isa = PBXFileReference; fileEncoding = 4; lastKnownFileType = sourcecode.c.objc; path = HpsPayRollTests.m; sourceTree = "<group>"; };
		DBF1B0A42080B3C7007A775E /* HpsTableServicesTest.m */ = {isa = PBXFileReference; fileEncoding = 4; lastKnownFileType = sourcecode.c.objc; path = HpsTableServicesTest.m; sourceTree = "<group>"; };
		DBF1DE8A1FB9AEF100D57C16 /* Hps_Hpa_Debit_Test.m */ = {isa = PBXFileReference; fileEncoding = 4; lastKnownFileType = sourcecode.c.objc; path = Hps_Hpa_Debit_Test.m; sourceTree = "<group>"; };
		DBF1DE8C1FB9AF0900D57C16 /* Hps_Hpa_Gift_Test.m */ = {isa = PBXFileReference; fileEncoding = 4; lastKnownFileType = sourcecode.c.objc; path = Hps_Hpa_Gift_Test.m; sourceTree = "<group>"; };
		E2576C2C243C78D1002E4CA4 /* Hps_Pax_Report_test.m */ = {isa = PBXFileReference; lastKnownFileType = sourcecode.c.objc; path = Hps_Pax_Report_test.m; sourceTree = "<group>"; };
		E2A3363A2455C6950041AD64 /* Hps_Pax_Batch_Tests.m */ = {isa = PBXFileReference; lastKnownFileType = sourcecode.c.objc; path = Hps_Pax_Batch_Tests.m; sourceTree = "<group>"; };
		E2B1C1BB2403DFF20040D5C7 /* Hps_Hpa_EOD_Test.m */ = {isa = PBXFileReference; lastKnownFileType = sourcecode.c.objc; path = Hps_Hpa_EOD_Test.m; sourceTree = "<group>"; };
		E2B1C1EA24190C820040D5C7 /* Hps_Hpa_EBT_Test.m */ = {isa = PBXFileReference; lastKnownFileType = sourcecode.c.objc; path = Hps_Hpa_EBT_Test.m; sourceTree = "<group>"; };
		EF6EA440263775200039FA6B /* HRGMSDeviceViewController.h */ = {isa = PBXFileReference; lastKnownFileType = sourcecode.c.h; path = HRGMSDeviceViewController.h; sourceTree = "<group>"; };
		EF6EA441263775200039FA6B /* HRGMSDeviceViewController.m */ = {isa = PBXFileReference; lastKnownFileType = sourcecode.c.objc; path = HRGMSDeviceViewController.m; sourceTree = "<group>"; };
		EF6EA445263776030039FA6B /* HRGMSDeviceManager.h */ = {isa = PBXFileReference; lastKnownFileType = sourcecode.c.h; path = HRGMSDeviceManager.h; sourceTree = "<group>"; };
		EF6EA446263776030039FA6B /* HRGMSDeviceManager.m */ = {isa = PBXFileReference; lastKnownFileType = sourcecode.c.objc; path = HRGMSDeviceManager.m; sourceTree = "<group>"; };
		EF6EA44A26377ABA0039FA6B /* HRGMS+Notifications.h */ = {isa = PBXFileReference; lastKnownFileType = sourcecode.c.h; path = "HRGMS+Notifications.h"; sourceTree = "<group>"; };
		EF7F84E32698CCAF00CA7099 /* HRPAXTransactionModelInput.h */ = {isa = PBXFileReference; lastKnownFileType = sourcecode.c.h; path = HRPAXTransactionModelInput.h; sourceTree = "<group>"; };
		EF7F84E62698CCD100CA7099 /* HRPAXTransactionModelOutput.h */ = {isa = PBXFileReference; lastKnownFileType = sourcecode.c.h; path = HRPAXTransactionModelOutput.h; sourceTree = "<group>"; };
		EF7F84E72698CCDF00CA7099 /* HRPAXTransactionViewModelInput.h */ = {isa = PBXFileReference; lastKnownFileType = sourcecode.c.h; path = HRPAXTransactionViewModelInput.h; sourceTree = "<group>"; };
		EF7F84E82698CCED00CA7099 /* HRPAXTransactionViewModelOutput.h */ = {isa = PBXFileReference; lastKnownFileType = sourcecode.c.h; path = HRPAXTransactionViewModelOutput.h; sourceTree = "<group>"; };
		EF7F84E92698CCFC00CA7099 /* HRPAXTransactionViewInput.h */ = {isa = PBXFileReference; lastKnownFileType = sourcecode.c.h; path = HRPAXTransactionViewInput.h; sourceTree = "<group>"; };
		EF7F84ED2698CE1300CA7099 /* HRPAXTransactionViewController.h */ = {isa = PBXFileReference; lastKnownFileType = sourcecode.c.h; path = HRPAXTransactionViewController.h; sourceTree = "<group>"; };
		EF7F84EE2698CE1300CA7099 /* HRPAXTransactionViewController.m */ = {isa = PBXFileReference; lastKnownFileType = sourcecode.c.objc; path = HRPAXTransactionViewController.m; sourceTree = "<group>"; };
		EF7F84F22698D15900CA7099 /* HRPAXTransactionViewModel.h */ = {isa = PBXFileReference; lastKnownFileType = sourcecode.c.h; path = HRPAXTransactionViewModel.h; sourceTree = "<group>"; };
		EF7F84F32698D15900CA7099 /* HRPAXTransactionViewModel.m */ = {isa = PBXFileReference; lastKnownFileType = sourcecode.c.objc; path = HRPAXTransactionViewModel.m; sourceTree = "<group>"; };
		EF7F84F72698D3BA00CA7099 /* HRPAXTransactionManager.h */ = {isa = PBXFileReference; lastKnownFileType = sourcecode.c.h; path = HRPAXTransactionManager.h; sourceTree = "<group>"; };
		EF7F84F82698D3BA00CA7099 /* HRPAXTransactionManager.m */ = {isa = PBXFileReference; lastKnownFileType = sourcecode.c.objc; path = HRPAXTransactionManager.m; sourceTree = "<group>"; };
		EF80F8BD267BF3F50097FF73 /* HRGMSTransactionViewController.h */ = {isa = PBXFileReference; lastKnownFileType = sourcecode.c.h; path = HRGMSTransactionViewController.h; sourceTree = "<group>"; };
		EF80F8BE267BF3F50097FF73 /* HRGMSTransactionViewController.m */ = {isa = PBXFileReference; lastKnownFileType = sourcecode.c.objc; path = HRGMSTransactionViewController.m; sourceTree = "<group>"; };
		EF80F8C9267BF4730097FF73 /* HRGMSTransactionViewModel.h */ = {isa = PBXFileReference; lastKnownFileType = sourcecode.c.h; path = HRGMSTransactionViewModel.h; sourceTree = "<group>"; };
		EF80F8CA267BF4730097FF73 /* HRGMSTransactionViewModel.m */ = {isa = PBXFileReference; lastKnownFileType = sourcecode.c.objc; path = HRGMSTransactionViewModel.m; sourceTree = "<group>"; };
		EFA712B1268CE7000041EC21 /* HRGMSTransactionLogger.h */ = {isa = PBXFileReference; lastKnownFileType = sourcecode.c.h; path = HRGMSTransactionLogger.h; sourceTree = "<group>"; };
		EFA712B2268CE7000041EC21 /* HRGMSTransactionLogger.m */ = {isa = PBXFileReference; lastKnownFileType = sourcecode.c.objc; path = HRGMSTransactionLogger.m; sourceTree = "<group>"; };
		EFDB8B44267C0A62004DFCDA /* HRGMSTransactionService.h */ = {isa = PBXFileReference; lastKnownFileType = sourcecode.c.h; path = HRGMSTransactionService.h; sourceTree = "<group>"; };
		EFDB8B45267C0A62004DFCDA /* HRGMSTransactionService.m */ = {isa = PBXFileReference; lastKnownFileType = sourcecode.c.objc; path = HRGMSTransactionService.m; sourceTree = "<group>"; };
		EFDB8B49267C176D004DFCDA /* HRGMSSerializationService.h */ = {isa = PBXFileReference; lastKnownFileType = sourcecode.c.h; path = HRGMSSerializationService.h; sourceTree = "<group>"; };
		EFDB8B4A267C176D004DFCDA /* HRGMSSerializationService.m */ = {isa = PBXFileReference; lastKnownFileType = sourcecode.c.objc; path = HRGMSSerializationService.m; sourceTree = "<group>"; };
/* End PBXFileReference section */

/* Begin PBXFrameworksBuildPhase section */
		6003F587195388D20070C39A /* Frameworks */ = {
			isa = PBXFrameworksBuildPhase;
			buildActionMask = 2147483647;
			files = (
				6003F590195388D20070C39A /* CoreGraphics.framework in Frameworks */,
				6003F592195388D20070C39A /* UIKit.framework in Frameworks */,
				6003F58E195388D20070C39A /* Foundation.framework in Frameworks */,
				8706DB3B29562C8A195DB4FD /* Pods_Heartland_iOS_SDK_Example.framework in Frameworks */,
			);
			runOnlyForDeploymentPostprocessing = 0;
		};
		6003F5AB195388D20070C39A /* Frameworks */ = {
			isa = PBXFrameworksBuildPhase;
			buildActionMask = 2147483647;
			files = (
				6003F5B0195388D20070C39A /* XCTest.framework in Frameworks */,
				6003F5B2195388D20070C39A /* UIKit.framework in Frameworks */,
				6003F5B1195388D20070C39A /* Foundation.framework in Frameworks */,
				D50E0E0B693E4B509A8E491C /* Pods_Heartland_iOS_SDK_Tests.framework in Frameworks */,
			);
			runOnlyForDeploymentPostprocessing = 0;
		};
/* End PBXFrameworksBuildPhase section */

/* Begin PBXGroup section */
		3456ADAB25CB03C8000484E8 /* C2X */ = {
			isa = PBXGroup;
			children = (
				3456ADAC25CB03F1000484E8 /* Hps_C2X_Device_Test.m */,
				3456ADB225CB0442000484E8 /* Hps_C2X_Credit_Test.m */,
			);
			path = C2X;
			sourceTree = "<group>";
		};
		6003F581195388D10070C39A = {
			isa = PBXGroup;
			children = (
				60FF7A9C1954A5C5007DD14C /* Podspec Metadata */,
				6003F593195388D20070C39A /* Example for Heartland-iOS-SDK */,
				6003F5B5195388D20070C39A /* Tests */,
				6003F58C195388D20070C39A /* Frameworks */,
				6003F58B195388D20070C39A /* Products */,
				E706FDDAF26E6725313B27CA /* Pods */,
				DB69ED071ECA0EFF0004FEF7 /* Heartland-iOS-SDK_Tests copy-Info.plist */,
			);
			sourceTree = "<group>";
		};
		6003F58B195388D20070C39A /* Products */ = {
			isa = PBXGroup;
			children = (
				6003F58A195388D20070C39A /* Heartland-iOS-SDK_Example.app */,
				6003F5AE195388D20070C39A /* Heartland-iOS-SDK_Tests.xctest */,
			);
			name = Products;
			sourceTree = "<group>";
		};
		6003F58C195388D20070C39A /* Frameworks */ = {
			isa = PBXGroup;
			children = (
				6003F58D195388D20070C39A /* Foundation.framework */,
				6003F58F195388D20070C39A /* CoreGraphics.framework */,
				6003F591195388D20070C39A /* UIKit.framework */,
				6003F5AF195388D20070C39A /* XCTest.framework */,
				2D472C6C84F02E1033D8F882 /* Pods_Heartland_iOS_SDK_Example.framework */,
				90EC82F001209D3ECA5AEE8C /* Pods_Heartland_iOS_SDK_Tests.framework */,
			);
			name = Frameworks;
			sourceTree = "<group>";
		};
		6003F593195388D20070C39A /* Example for Heartland-iOS-SDK */ = {
			isa = PBXGroup;
			children = (
				6003F59C195388D20070C39A /* HpsAppDelegate.h */,
				6003F59D195388D20070C39A /* HpsAppDelegate.m */,
				873B8AEA1B1F5CCA007FD442 /* Main.storyboard */,
				EF7F84E22698CC9900CA7099 /* PAX */,
				EF7F84DD2698CA4200CA7099 /* GMS */,
				6003F5A5195388D20070C39A /* HpsViewController.h */,
				6003F5A6195388D20070C39A /* HpsViewController.m */,
				84CD39E71C45A73E006FED91 /* heartlandlogo.png */,
				6003F594195388D20070C39A /* Supporting Files */,
			);
			name = "Example for Heartland-iOS-SDK";
			path = "Heartland-iOS-SDK";
			sourceTree = "<group>";
		};
		6003F594195388D20070C39A /* Supporting Files */ = {
			isa = PBXGroup;
			children = (
				6003F5A8195388D20070C39A /* Images.xcassets */,
				6003F595195388D20070C39A /* Heartland-iOS-SDK-Info.plist */,
				6003F596195388D20070C39A /* InfoPlist.strings */,
				6003F599195388D20070C39A /* main.m */,
				6003F59B195388D20070C39A /* Heartland-iOS-SDK-Prefix.pch */,
			);
			name = "Supporting Files";
			sourceTree = "<group>";
		};
		6003F5B5195388D20070C39A /* Tests */ = {
			isa = PBXGroup;
			children = (
				3456ADAB25CB03C8000484E8 /* C2X */,
				DBE8B01820ECA2BA006F8B97 /* Payroll */,
				DBF1B0A32080B395007A775E /* FreshTxt */,
				DBDA366F1FAB429300CF5146 /* Hpa */,
				DBDA366D1FAB425E00CF5146 /* Pax */,
				6003F5B6195388D20070C39A /* Supporting Files */,
			);
			path = Tests;
			sourceTree = "<group>";
		};
		6003F5B6195388D20070C39A /* Supporting Files */ = {
			isa = PBXGroup;
			children = (
				6003F5B7195388D20070C39A /* Tests-Info.plist */,
				6003F5B8195388D20070C39A /* InfoPlist.strings */,
				606FC2411953D9B200FFA9A0 /* Tests-Prefix.pch */,
			);
			name = "Supporting Files";
			sourceTree = "<group>";
		};
		60FF7A9C1954A5C5007DD14C /* Podspec Metadata */ = {
			isa = PBXGroup;
			children = (
				3FA9B09A5740798478B9281B /* Heartland-iOS-SDK.podspec */,
				B3271F7E0C265B59AE8894E1 /* README.md */,
				D51EA908AC81E7B7EB89E8D5 /* LICENSE */,
			);
			name = "Podspec Metadata";
			sourceTree = "<group>";
		};
		DBDA366D1FAB425E00CF5146 /* Pax */ = {
			isa = PBXGroup;
			children = (
				84FFB2C71D6352E900D56BF9 /* Hps_Pax_Admin_Tests.m */,
				84FFB2CB1D63537400D56BF9 /* Hps_Pax_Credit_Tests.m */,
				840256421DEE1BB90078B6A2 /* Hps_Pax_Debit_Tests.m */,
				848DD45A1D75FBDE00D3F658 /* Hps_Pax_Gift_Tests.m */,
				84FFB2C41D63529800D56BF9 /* Hps_Pax_Connection_Tests.m */,
				84FA62D21C035BB3007854D5 /* Heartland_GatewayTests.m */,
				84FA62D31C035BB3007854D5 /* Heartland_TokenizationTests.m */,
				DB8A59C01F4BDF7000B98B73 /* Hps_Pax_VRF_Test.m */,
				E2576C2C243C78D1002E4CA4 /* Hps_Pax_Report_test.m */,
				E2A3363A2455C6950041AD64 /* Hps_Pax_Batch_Tests.m */,
			);
			name = Pax;
			sourceTree = "<group>";
		};
		DBDA366F1FAB429300CF5146 /* Hpa */ = {
			isa = PBXGroup;
			children = (
				DBDA36701FAB430900CF5146 /* Hps_Hpa_Admin_Test.m */,
				DBDA367D1FB01C2000CF5146 /* Hps_Hpa_Credit_Test.m */,
				DBF1DE8A1FB9AEF100D57C16 /* Hps_Hpa_Debit_Test.m */,
				DBF1DE8C1FB9AF0900D57C16 /* Hps_Hpa_Gift_Test.m */,
				E2B1C1EA24190C820040D5C7 /* Hps_Hpa_EBT_Test.m */,
				DB3DC11B2004F7EA0037521A /* Hps_Hpa_VRF_Test.m */,
				DB30662A2188794A00F6E101 /* Hps_Hpa_Report_Test.m */,
				E2B1C1BB2403DFF20040D5C7 /* Hps_Hpa_EOD_Test.m */,
			);
			name = Hpa;
			sourceTree = "<group>";
		};
		DBE8B01820ECA2BA006F8B97 /* Payroll */ = {
			isa = PBXGroup;
			children = (
				DBE8B01920ECA30B006F8B97 /* HpsPayRollTests.m */,
			);
			name = Payroll;
			sourceTree = "<group>";
		};
		DBF1B0A32080B395007A775E /* FreshTxt */ = {
			isa = PBXGroup;
			children = (
				DBF1B0A42080B3C7007A775E /* HpsTableServicesTest.m */,
			);
			name = FreshTxt;
			sourceTree = "<group>";
		};
		E706FDDAF26E6725313B27CA /* Pods */ = {
			isa = PBXGroup;
			children = (
				70FD3C3038658BD48AC9ADBB /* Pods-Heartland-iOS-SDK_Example.debug.xcconfig */,
				75EF1144CF33D3C27B73A4D1 /* Pods-Heartland-iOS-SDK_Example.release.xcconfig */,
				61BF46B1C380625FF377FAA8 /* Pods-Heartland-iOS-SDK_Tests.debug.xcconfig */,
				253ABA11EC670E90EACA486A /* Pods-Heartland-iOS-SDK_Tests.release.xcconfig */,
				93A863AAB90A2F8CE2547765 /* Pods-Heartland-iOS-SDK_Example.pax_testing.xcconfig */,
				08D636DD28A9667ED2741E32 /* Pods-Heartland-iOS-SDK_Tests.pax_testing.xcconfig */,
			);
			name = Pods;
			sourceTree = "<group>";
		};
		EF7F84DD2698CA4200CA7099 /* GMS */ = {
			isa = PBXGroup;
			children = (
				EF6EA440263775200039FA6B /* HRGMSDeviceViewController.h */,
				EF6EA441263775200039FA6B /* HRGMSDeviceViewController.m */,
				EFDB8B49267C176D004DFCDA /* HRGMSSerializationService.h */,
				EFDB8B4A267C176D004DFCDA /* HRGMSSerializationService.m */,
				EFA712B1268CE7000041EC21 /* HRGMSTransactionLogger.h */,
				EFA712B2268CE7000041EC21 /* HRGMSTransactionLogger.m */,
				EFDB8B44267C0A62004DFCDA /* HRGMSTransactionService.h */,
				EFDB8B45267C0A62004DFCDA /* HRGMSTransactionService.m */,
				EF80F8C9267BF4730097FF73 /* HRGMSTransactionViewModel.h */,
				EF80F8CA267BF4730097FF73 /* HRGMSTransactionViewModel.m */,
				EF80F8BD267BF3F50097FF73 /* HRGMSTransactionViewController.h */,
				EF80F8BE267BF3F50097FF73 /* HRGMSTransactionViewController.m */,
				EF6EA445263776030039FA6B /* HRGMSDeviceManager.h */,
				EF6EA446263776030039FA6B /* HRGMSDeviceManager.m */,
				EF6EA44A26377ABA0039FA6B /* HRGMS+Notifications.h */,
			);
			name = GMS;
			sourceTree = "<group>";
		};
		EF7F84E22698CC9900CA7099 /* PAX */ = {
			isa = PBXGroup;
			children = (
				EF7F84EA2698CD0600CA7099 /* Contract */,
				EF7F84F72698D3BA00CA7099 /* HRPAXTransactionManager.h */,
				EF7F84F82698D3BA00CA7099 /* HRPAXTransactionManager.m */,
				EF7F84ED2698CE1300CA7099 /* HRPAXTransactionViewController.h */,
				EF7F84EE2698CE1300CA7099 /* HRPAXTransactionViewController.m */,
				EF7F84F22698D15900CA7099 /* HRPAXTransactionViewModel.h */,
				EF7F84F32698D15900CA7099 /* HRPAXTransactionViewModel.m */,
			);
			name = PAX;
			sourceTree = "<group>";
		};
		EF7F84EA2698CD0600CA7099 /* Contract */ = {
			isa = PBXGroup;
			children = (
				EF7F84E32698CCAF00CA7099 /* HRPAXTransactionModelInput.h */,
				EF7F84E62698CCD100CA7099 /* HRPAXTransactionModelOutput.h */,
				EF7F84E72698CCDF00CA7099 /* HRPAXTransactionViewModelInput.h */,
				EF7F84E82698CCED00CA7099 /* HRPAXTransactionViewModelOutput.h */,
				EF7F84E92698CCFC00CA7099 /* HRPAXTransactionViewInput.h */,
			);
			name = Contract;
			sourceTree = "<group>";
		};
/* End PBXGroup section */

/* Begin PBXNativeTarget section */
		6003F589195388D20070C39A /* Heartland-iOS-SDK_Example */ = {
			isa = PBXNativeTarget;
			buildConfigurationList = 6003F5BF195388D20070C39A /* Build configuration list for PBXNativeTarget "Heartland-iOS-SDK_Example" */;
			buildPhases = (
				BBDD82C2366DB21838DFE6E9 /* [CP] Check Pods Manifest.lock */,
				6003F586195388D20070C39A /* Sources */,
				6003F587195388D20070C39A /* Frameworks */,
				6003F588195388D20070C39A /* Resources */,
				38B1A6D6613D7C674CF3033C /* [CP] Embed Pods Frameworks */,
			);
			buildRules = (
			);
			dependencies = (
			);
			name = "Heartland-iOS-SDK_Example";
			productName = "Heartland-iOS-SDK";
			productReference = 6003F58A195388D20070C39A /* Heartland-iOS-SDK_Example.app */;
			productType = "com.apple.product-type.application";
		};
		6003F5AD195388D20070C39A /* Heartland-iOS-SDK_Tests */ = {
			isa = PBXNativeTarget;
			buildConfigurationList = 6003F5C2195388D20070C39A /* Build configuration list for PBXNativeTarget "Heartland-iOS-SDK_Tests" */;
			buildPhases = (
				26FD17C81AC79153C65C318E /* [CP] Check Pods Manifest.lock */,
				6003F5AA195388D20070C39A /* Sources */,
				6003F5AB195388D20070C39A /* Frameworks */,
				6003F5AC195388D20070C39A /* Resources */,
				38625BB0EE413B866DF8FAF4 /* [CP] Embed Pods Frameworks */,
			);
			buildRules = (
			);
			dependencies = (
				6003F5B4195388D20070C39A /* PBXTargetDependency */,
			);
			name = "Heartland-iOS-SDK_Tests";
			productName = "Heartland-iOS-SDKTests";
			productReference = 6003F5AE195388D20070C39A /* Heartland-iOS-SDK_Tests.xctest */;
			productType = "com.apple.product-type.bundle.unit-test";
		};
/* End PBXNativeTarget section */

/* Begin PBXProject section */
		6003F582195388D10070C39A /* Project object */ = {
			isa = PBXProject;
			attributes = {
				CLASSPREFIX = Hps;
				LastUpgradeCheck = 0810;
				ORGANIZATIONNAME = "Shaunti Fondrisi";
				TargetAttributes = {
					6003F589195388D20070C39A = {
						DevelopmentTeam = 264BX5RC4N;
					};
					6003F5AD195388D20070C39A = {
						TestTargetID = 6003F589195388D20070C39A;
					};
				};
			};
			buildConfigurationList = 6003F585195388D10070C39A /* Build configuration list for PBXProject "Heartland-iOS-SDK" */;
			compatibilityVersion = "Xcode 3.2";
			developmentRegion = en;
			hasScannedForEncodings = 0;
			knownRegions = (
				en,
				Base,
			);
			mainGroup = 6003F581195388D10070C39A;
			productRefGroup = 6003F58B195388D20070C39A /* Products */;
			projectDirPath = "";
			projectRoot = "";
			targets = (
				6003F589195388D20070C39A /* Heartland-iOS-SDK_Example */,
				6003F5AD195388D20070C39A /* Heartland-iOS-SDK_Tests */,
			);
		};
/* End PBXProject section */

/* Begin PBXResourcesBuildPhase section */
		6003F588195388D20070C39A /* Resources */ = {
			isa = PBXResourcesBuildPhase;
			buildActionMask = 2147483647;
			files = (
				84CD39E81C45A73E006FED91 /* heartlandlogo.png in Resources */,
				873B8AEB1B1F5CCA007FD442 /* Main.storyboard in Resources */,
				6003F5A9195388D20070C39A /* Images.xcassets in Resources */,
				6003F598195388D20070C39A /* InfoPlist.strings in Resources */,
			);
			runOnlyForDeploymentPostprocessing = 0;
		};
		6003F5AC195388D20070C39A /* Resources */ = {
			isa = PBXResourcesBuildPhase;
			buildActionMask = 2147483647;
			files = (
				6003F5BA195388D20070C39A /* InfoPlist.strings in Resources */,
			);
			runOnlyForDeploymentPostprocessing = 0;
		};
/* End PBXResourcesBuildPhase section */

/* Begin PBXShellScriptBuildPhase section */
		26FD17C81AC79153C65C318E /* [CP] Check Pods Manifest.lock */ = {
			isa = PBXShellScriptBuildPhase;
			buildActionMask = 2147483647;
			files = (
			);
			inputPaths = (
				"${PODS_PODFILE_DIR_PATH}/Podfile.lock",
				"${PODS_ROOT}/Manifest.lock",
			);
			name = "[CP] Check Pods Manifest.lock";
			outputPaths = (
				"$(DERIVED_FILE_DIR)/Pods-Heartland-iOS-SDK_Tests-checkManifestLockResult.txt",
			);
			runOnlyForDeploymentPostprocessing = 0;
			shellPath = /bin/sh;
			shellScript = "diff \"${PODS_PODFILE_DIR_PATH}/Podfile.lock\" \"${PODS_ROOT}/Manifest.lock\" > /dev/null\nif [ $? != 0 ] ; then\n    # print error to STDERR\n    echo \"error: The sandbox is not in sync with the Podfile.lock. Run 'pod install' or update your CocoaPods installation.\" >&2\n    exit 1\nfi\n# This output is used by Xcode 'outputs' to avoid re-running this script phase.\necho \"SUCCESS\" > \"${SCRIPT_OUTPUT_FILE_0}\"\n";
			showEnvVarsInLog = 0;
		};
		38625BB0EE413B866DF8FAF4 /* [CP] Embed Pods Frameworks */ = {
			isa = PBXShellScriptBuildPhase;
			buildActionMask = 2147483647;
			files = (
			);
			inputPaths = (
				"${PODS_ROOT}/Target Support Files/Pods-Heartland-iOS-SDK_Tests/Pods-Heartland-iOS-SDK_Tests-frameworks.sh",
				"${BUILT_PRODUCTS_DIR}/Heartland-iOS-SDK/Heartland_iOS_SDK.framework",
				"${BUILT_PRODUCTS_DIR}/XMLDictionary/XMLDictionary.framework",
				"${PODS_XCFRAMEWORKS_BUILD_DIR}/GlobalPaymentsApi/GlobalPaymentsApi.framework/GlobalPaymentsApi",
				"${PODS_XCFRAMEWORKS_BUILD_DIR}/GlobalMobileSDK/GlobalMobileSDK.framework/GlobalMobileSDK",
			);
			name = "[CP] Embed Pods Frameworks";
			outputPaths = (
				"${TARGET_BUILD_DIR}/${FRAMEWORKS_FOLDER_PATH}/Heartland_iOS_SDK.framework",
				"${TARGET_BUILD_DIR}/${FRAMEWORKS_FOLDER_PATH}/XMLDictionary.framework",
				"${TARGET_BUILD_DIR}/${FRAMEWORKS_FOLDER_PATH}/GlobalPaymentsApi.framework",
				"${TARGET_BUILD_DIR}/${FRAMEWORKS_FOLDER_PATH}/GlobalMobileSDK.framework",
			);
			runOnlyForDeploymentPostprocessing = 0;
			shellPath = /bin/sh;
			shellScript = "\"${PODS_ROOT}/Target Support Files/Pods-Heartland-iOS-SDK_Tests/Pods-Heartland-iOS-SDK_Tests-frameworks.sh\"\n";
			showEnvVarsInLog = 0;
		};
		38B1A6D6613D7C674CF3033C /* [CP] Embed Pods Frameworks */ = {
			isa = PBXShellScriptBuildPhase;
			buildActionMask = 2147483647;
			files = (
			);
			inputPaths = (
				"${PODS_ROOT}/Target Support Files/Pods-Heartland-iOS-SDK_Example/Pods-Heartland-iOS-SDK_Example-frameworks.sh",
				"${BUILT_PRODUCTS_DIR}/Heartland-iOS-SDK/Heartland_iOS_SDK.framework",
				"${BUILT_PRODUCTS_DIR}/XMLDictionary/XMLDictionary.framework",
				"${PODS_XCFRAMEWORKS_BUILD_DIR}/GlobalPaymentsApi/GlobalPaymentsApi.framework/GlobalPaymentsApi",
				"${PODS_XCFRAMEWORKS_BUILD_DIR}/GlobalMobileSDK/GlobalMobileSDK.framework/GlobalMobileSDK",
			);
			name = "[CP] Embed Pods Frameworks";
			outputPaths = (
				"${TARGET_BUILD_DIR}/${FRAMEWORKS_FOLDER_PATH}/Heartland_iOS_SDK.framework",
				"${TARGET_BUILD_DIR}/${FRAMEWORKS_FOLDER_PATH}/XMLDictionary.framework",
				"${TARGET_BUILD_DIR}/${FRAMEWORKS_FOLDER_PATH}/GlobalPaymentsApi.framework",
				"${TARGET_BUILD_DIR}/${FRAMEWORKS_FOLDER_PATH}/GlobalMobileSDK.framework",
			);
			runOnlyForDeploymentPostprocessing = 0;
			shellPath = /bin/sh;
			shellScript = "\"${PODS_ROOT}/Target Support Files/Pods-Heartland-iOS-SDK_Example/Pods-Heartland-iOS-SDK_Example-frameworks.sh\"\n";
			showEnvVarsInLog = 0;
		};
		BBDD82C2366DB21838DFE6E9 /* [CP] Check Pods Manifest.lock */ = {
			isa = PBXShellScriptBuildPhase;
			buildActionMask = 2147483647;
			files = (
			);
			inputPaths = (
				"${PODS_PODFILE_DIR_PATH}/Podfile.lock",
				"${PODS_ROOT}/Manifest.lock",
			);
			name = "[CP] Check Pods Manifest.lock";
			outputPaths = (
				"$(DERIVED_FILE_DIR)/Pods-Heartland-iOS-SDK_Example-checkManifestLockResult.txt",
			);
			runOnlyForDeploymentPostprocessing = 0;
			shellPath = /bin/sh;
			shellScript = "diff \"${PODS_PODFILE_DIR_PATH}/Podfile.lock\" \"${PODS_ROOT}/Manifest.lock\" > /dev/null\nif [ $? != 0 ] ; then\n    # print error to STDERR\n    echo \"error: The sandbox is not in sync with the Podfile.lock. Run 'pod install' or update your CocoaPods installation.\" >&2\n    exit 1\nfi\n# This output is used by Xcode 'outputs' to avoid re-running this script phase.\necho \"SUCCESS\" > \"${SCRIPT_OUTPUT_FILE_0}\"\n";
			showEnvVarsInLog = 0;
		};
/* End PBXShellScriptBuildPhase section */

/* Begin PBXSourcesBuildPhase section */
		6003F586195388D20070C39A /* Sources */ = {
			isa = PBXSourcesBuildPhase;
			buildActionMask = 2147483647;
			files = (
				6003F59E195388D20070C39A /* HpsAppDelegate.m in Sources */,
				EF80F8CB267BF4730097FF73 /* HRGMSTransactionViewModel.m in Sources */,
				EFA712B3268CE7000041EC21 /* HRGMSTransactionLogger.m in Sources */,
				6003F5A7195388D20070C39A /* HpsViewController.m in Sources */,
				EF80F8BF267BF3F50097FF73 /* HRGMSTransactionViewController.m in Sources */,
				EFDB8B4B267C176D004DFCDA /* HRGMSSerializationService.m in Sources */,
				EFDB8B46267C0A62004DFCDA /* HRGMSTransactionService.m in Sources */,
				EF7F84F42698D15900CA7099 /* HRPAXTransactionViewModel.m in Sources */,
				EF6EA447263776030039FA6B /* HRGMSDeviceManager.m in Sources */,
				EF6EA442263775200039FA6B /* HRGMSDeviceViewController.m in Sources */,
				EF7F84EF2698CE1300CA7099 /* HRPAXTransactionViewController.m in Sources */,
				EF7F84F92698D3BA00CA7099 /* HRPAXTransactionManager.m in Sources */,
				6003F59A195388D20070C39A /* main.m in Sources */,
			);
			runOnlyForDeploymentPostprocessing = 0;
		};
		6003F5AA195388D20070C39A /* Sources */ = {
			isa = PBXSourcesBuildPhase;
			buildActionMask = 2147483647;
			files = (
				DBF1DE8B1FB9AEF100D57C16 /* Hps_Hpa_Debit_Test.m in Sources */,
				DBE8B01A20ECA30B006F8B97 /* HpsPayRollTests.m in Sources */,
				E2576C2D243C78D1002E4CA4 /* Hps_Pax_Report_test.m in Sources */,
				840256431DEE1BB90078B6A2 /* Hps_Pax_Debit_Tests.m in Sources */,
				E2A3363B2455C6950041AD64 /* Hps_Pax_Batch_Tests.m in Sources */,
				E2B1C1EB24190C820040D5C7 /* Hps_Hpa_EBT_Test.m in Sources */,
				E2B1C1BC2403DFF20040D5C7 /* Hps_Hpa_EOD_Test.m in Sources */,
				DBDA36711FAB430900CF5146 /* Hps_Hpa_Admin_Test.m in Sources */,
				84FA62D61C035C47007854D5 /* Heartland_TokenizationTests.m in Sources */,
				DBF1DE8D1FB9AF0900D57C16 /* Hps_Hpa_Gift_Test.m in Sources */,
				84FFB2C91D63534D00D56BF9 /* Hps_Pax_Connection_Tests.m in Sources */,
				84FFB2CA1D63535000D56BF9 /* Hps_Pax_Admin_Tests.m in Sources */,
				DB8A59C11F4BDF7000B98B73 /* Hps_Pax_VRF_Test.m in Sources */,
				848DD45C1D75FBE500D3F658 /* Hps_Pax_Gift_Tests.m in Sources */,
				DBDA367E1FB01C2000CF5146 /* Hps_Hpa_Credit_Test.m in Sources */,
				3456ADAD25CB03F1000484E8 /* Hps_C2X_Device_Test.m in Sources */,
				84FFB2CC1D63537400D56BF9 /* Hps_Pax_Credit_Tests.m in Sources */,
				84FA62D71C035C4B007854D5 /* Heartland_GatewayTests.m in Sources */,
				DB30662B2188794A00F6E101 /* Hps_Hpa_Report_Test.m in Sources */,
				DBF1B0A52080B3C7007A775E /* HpsTableServicesTest.m in Sources */,
				3456ADB325CB0442000484E8 /* Hps_C2X_Credit_Test.m in Sources */,
				DB3DC11C2004F7EA0037521A /* Hps_Hpa_VRF_Test.m in Sources */,
			);
			runOnlyForDeploymentPostprocessing = 0;
		};
/* End PBXSourcesBuildPhase section */

/* Begin PBXTargetDependency section */
		6003F5B4195388D20070C39A /* PBXTargetDependency */ = {
			isa = PBXTargetDependency;
			target = 6003F589195388D20070C39A /* Heartland-iOS-SDK_Example */;
			targetProxy = 6003F5B3195388D20070C39A /* PBXContainerItemProxy */;
		};
/* End PBXTargetDependency section */

/* Begin PBXVariantGroup section */
		6003F596195388D20070C39A /* InfoPlist.strings */ = {
			isa = PBXVariantGroup;
			children = (
				6003F597195388D20070C39A /* en */,
			);
			name = InfoPlist.strings;
			sourceTree = "<group>";
		};
		6003F5B8195388D20070C39A /* InfoPlist.strings */ = {
			isa = PBXVariantGroup;
			children = (
				6003F5B9195388D20070C39A /* en */,
			);
			name = InfoPlist.strings;
			sourceTree = "<group>";
		};
/* End PBXVariantGroup section */

/* Begin XCBuildConfiguration section */
		6003F5BD195388D20070C39A /* Debug */ = {
			isa = XCBuildConfiguration;
			buildSettings = {
				ALWAYS_SEARCH_USER_PATHS = NO;
				CLANG_CXX_LANGUAGE_STANDARD = "gnu++0x";
				CLANG_CXX_LIBRARY = "libc++";
				CLANG_ENABLE_MODULES = YES;
				CLANG_ENABLE_OBJC_ARC = YES;
				CLANG_WARN_BOOL_CONVERSION = YES;
				CLANG_WARN_CONSTANT_CONVERSION = YES;
				CLANG_WARN_DIRECT_OBJC_ISA_USAGE = YES_ERROR;
				CLANG_WARN_EMPTY_BODY = YES;
				CLANG_WARN_ENUM_CONVERSION = YES;
				CLANG_WARN_INFINITE_RECURSION = YES;
				CLANG_WARN_INT_CONVERSION = YES;
				CLANG_WARN_OBJC_ROOT_CLASS = YES_ERROR;
				CLANG_WARN_SUSPICIOUS_MOVE = YES;
				CLANG_WARN_UNREACHABLE_CODE = YES;
				CLANG_WARN__DUPLICATE_METHOD_MATCH = YES;
				"CODE_SIGN_IDENTITY[sdk=iphoneos*]" = "iPhone Developer";
				COPY_PHASE_STRIP = NO;
				ENABLE_BITCODE = YES;
				ENABLE_STRICT_OBJC_MSGSEND = YES;
				ENABLE_TESTABILITY = YES;
				GCC_C_LANGUAGE_STANDARD = gnu99;
				GCC_DYNAMIC_NO_PIC = NO;
				GCC_NO_COMMON_BLOCKS = YES;
				GCC_OPTIMIZATION_LEVEL = 0;
				GCC_PREPROCESSOR_DEFINITIONS = (
					"DEBUG=1",
					"$(inherited)",
				);
				GCC_SYMBOLS_PRIVATE_EXTERN = NO;
				GCC_WARN_64_TO_32_BIT_CONVERSION = YES;
				GCC_WARN_ABOUT_RETURN_TYPE = YES_ERROR;
				GCC_WARN_UNDECLARED_SELECTOR = YES;
				GCC_WARN_UNINITIALIZED_AUTOS = YES_AGGRESSIVE;
				GCC_WARN_UNUSED_FUNCTION = YES;
				GCC_WARN_UNUSED_VARIABLE = YES;
				IPHONEOS_DEPLOYMENT_TARGET = 11.0;
				ONLY_ACTIVE_ARCH = YES;
				SDKROOT = iphoneos;
				TARGETED_DEVICE_FAMILY = "1,2";
			};
			name = Debug;
		};
		6003F5BE195388D20070C39A /* Release */ = {
			isa = XCBuildConfiguration;
			buildSettings = {
				ALWAYS_SEARCH_USER_PATHS = NO;
				CLANG_CXX_LANGUAGE_STANDARD = "gnu++0x";
				CLANG_CXX_LIBRARY = "libc++";
				CLANG_ENABLE_MODULES = YES;
				CLANG_ENABLE_OBJC_ARC = YES;
				CLANG_WARN_BOOL_CONVERSION = YES;
				CLANG_WARN_CONSTANT_CONVERSION = YES;
				CLANG_WARN_DIRECT_OBJC_ISA_USAGE = YES_ERROR;
				CLANG_WARN_EMPTY_BODY = YES;
				CLANG_WARN_ENUM_CONVERSION = YES;
				CLANG_WARN_INFINITE_RECURSION = YES;
				CLANG_WARN_INT_CONVERSION = YES;
				CLANG_WARN_OBJC_ROOT_CLASS = YES_ERROR;
				CLANG_WARN_SUSPICIOUS_MOVE = YES;
				CLANG_WARN_UNREACHABLE_CODE = YES;
				CLANG_WARN__DUPLICATE_METHOD_MATCH = YES;
				"CODE_SIGN_IDENTITY[sdk=iphoneos*]" = "iPhone Developer";
				COPY_PHASE_STRIP = NO;
				ENABLE_BITCODE = YES;
				ENABLE_NS_ASSERTIONS = NO;
				ENABLE_STRICT_OBJC_MSGSEND = YES;
				GCC_C_LANGUAGE_STANDARD = gnu99;
				GCC_NO_COMMON_BLOCKS = YES;
				GCC_WARN_64_TO_32_BIT_CONVERSION = YES;
				GCC_WARN_ABOUT_RETURN_TYPE = YES_ERROR;
				GCC_WARN_UNDECLARED_SELECTOR = YES;
				GCC_WARN_UNINITIALIZED_AUTOS = YES_AGGRESSIVE;
				GCC_WARN_UNUSED_FUNCTION = YES;
				GCC_WARN_UNUSED_VARIABLE = YES;
				IPHONEOS_DEPLOYMENT_TARGET = 11.0;
				SDKROOT = iphoneos;
				TARGETED_DEVICE_FAMILY = "1,2";
				VALIDATE_PRODUCT = YES;
			};
			name = Release;
		};
		6003F5C0195388D20070C39A /* Debug */ = {
			isa = XCBuildConfiguration;
			baseConfigurationReference = 70FD3C3038658BD48AC9ADBB /* Pods-Heartland-iOS-SDK_Example.debug.xcconfig */;
			buildSettings = {
				ASSETCATALOG_COMPILER_APPICON_NAME = AppIcon;
				ASSETCATALOG_COMPILER_LAUNCHIMAGE_NAME = "";
				CODE_SIGN_IDENTITY = "iPhone Developer";
				"CODE_SIGN_IDENTITY[sdk=iphoneos*]" = "iPhone Developer";
				GCC_PRECOMPILE_PREFIX_HEADER = YES;
				GCC_PREFIX_HEADER = "Heartland-iOS-SDK/Heartland-iOS-SDK-Prefix.pch";
				INFOPLIST_FILE = "Heartland-iOS-SDK/Heartland-iOS-SDK-Info.plist";
				IPHONEOS_DEPLOYMENT_TARGET = 11.0;
				MODULE_NAME = ExampleApp;
				PRODUCT_BUNDLE_IDENTIFIER = "com.heartlandpaymentsystems.iOS-SDK-Example";
				PRODUCT_NAME = "$(TARGET_NAME)";
				PROVISIONING_PROFILE = "";
				WRAPPER_EXTENSION = app;
			};
			name = Debug;
		};
		6003F5C1195388D20070C39A /* Release */ = {
			isa = XCBuildConfiguration;
			baseConfigurationReference = 75EF1144CF33D3C27B73A4D1 /* Pods-Heartland-iOS-SDK_Example.release.xcconfig */;
			buildSettings = {
				ASSETCATALOG_COMPILER_APPICON_NAME = AppIcon;
				ASSETCATALOG_COMPILER_LAUNCHIMAGE_NAME = "";
				CODE_SIGN_IDENTITY = "iPhone Developer";
				"CODE_SIGN_IDENTITY[sdk=iphoneos*]" = "iPhone Developer";
				GCC_PRECOMPILE_PREFIX_HEADER = YES;
				GCC_PREFIX_HEADER = "Heartland-iOS-SDK/Heartland-iOS-SDK-Prefix.pch";
				INFOPLIST_FILE = "Heartland-iOS-SDK/Heartland-iOS-SDK-Info.plist";
				IPHONEOS_DEPLOYMENT_TARGET = 11.0;
				MODULE_NAME = ExampleApp;
				PRODUCT_BUNDLE_IDENTIFIER = "com.heartlandpaymentsystems.iOS-SDK-Example";
				PRODUCT_NAME = "$(TARGET_NAME)";
				PROVISIONING_PROFILE = "";
				WRAPPER_EXTENSION = app;
			};
			name = Release;
		};
		6003F5C3195388D20070C39A /* Debug */ = {
			isa = XCBuildConfiguration;
			baseConfigurationReference = 61BF46B1C380625FF377FAA8 /* Pods-Heartland-iOS-SDK_Tests.debug.xcconfig */;
			buildSettings = {
				BUNDLE_LOADER = "$(TEST_HOST)";
				ENABLE_BITCODE = NO;
				FRAMEWORK_SEARCH_PATHS = (
					"$(inherited)",
					"$(DEVELOPER_FRAMEWORKS_DIR)",
				);
				GCC_PRECOMPILE_PREFIX_HEADER = YES;
				GCC_PREFIX_HEADER = "Tests/Tests-Prefix.pch";
				GCC_PREPROCESSOR_DEFINITIONS = (
					"DEBUG=1",
					"$(inherited)",
				);
				INFOPLIST_FILE = "Tests/Tests-Info.plist";
				PRODUCT_BUNDLE_IDENTIFIER = "org.cocoapods.demo.${PRODUCT_NAME:rfc1034identifier}";
				PRODUCT_NAME = "$(TARGET_NAME)";
				TEST_HOST = "$(BUILT_PRODUCTS_DIR)/Heartland-iOS-SDK_Example.app/Heartland-iOS-SDK_Example";
				WRAPPER_EXTENSION = xctest;
			};
			name = Debug;
		};
		6003F5C4195388D20070C39A /* Release */ = {
			isa = XCBuildConfiguration;
			baseConfigurationReference = 253ABA11EC670E90EACA486A /* Pods-Heartland-iOS-SDK_Tests.release.xcconfig */;
			buildSettings = {
				BUNDLE_LOADER = "$(TEST_HOST)";
				ENABLE_BITCODE = NO;
				FRAMEWORK_SEARCH_PATHS = (
					"$(inherited)",
					"$(SDKROOT)/Developer/Library/Frameworks",
					"$(DEVELOPER_FRAMEWORKS_DIR)",
				);
				GCC_PRECOMPILE_PREFIX_HEADER = YES;
				GCC_PREFIX_HEADER = "Tests/Tests-Prefix.pch";
				INFOPLIST_FILE = "Tests/Tests-Info.plist";
				PRODUCT_BUNDLE_IDENTIFIER = "org.cocoapods.demo.${PRODUCT_NAME:rfc1034identifier}";
				PRODUCT_NAME = "$(TARGET_NAME)";
				TEST_HOST = "$(BUILT_PRODUCTS_DIR)/Heartland-iOS-SDK_Example.app/Heartland-iOS-SDK_Example";
				WRAPPER_EXTENSION = xctest;
			};
			name = Release;
		};
		DB69ED081ECC2BF00004FEF7 /* Pax_Testing */ = {
			isa = XCBuildConfiguration;
			buildSettings = {
				ALWAYS_SEARCH_USER_PATHS = NO;
				CLANG_CXX_LANGUAGE_STANDARD = "gnu++0x";
				CLANG_CXX_LIBRARY = "libc++";
				CLANG_ENABLE_MODULES = YES;
				CLANG_ENABLE_OBJC_ARC = YES;
				CLANG_WARN_BOOL_CONVERSION = YES;
				CLANG_WARN_CONSTANT_CONVERSION = YES;
				CLANG_WARN_DIRECT_OBJC_ISA_USAGE = YES_ERROR;
				CLANG_WARN_EMPTY_BODY = YES;
				CLANG_WARN_ENUM_CONVERSION = YES;
				CLANG_WARN_INFINITE_RECURSION = YES;
				CLANG_WARN_INT_CONVERSION = YES;
				CLANG_WARN_OBJC_ROOT_CLASS = YES_ERROR;
				CLANG_WARN_SUSPICIOUS_MOVE = YES;
				CLANG_WARN_UNREACHABLE_CODE = YES;
				CLANG_WARN__DUPLICATE_METHOD_MATCH = YES;
				"CODE_SIGN_IDENTITY[sdk=iphoneos*]" = "iPhone Developer";
				COPY_PHASE_STRIP = NO;
				ENABLE_BITCODE = YES;
				ENABLE_STRICT_OBJC_MSGSEND = YES;
				ENABLE_TESTABILITY = YES;
				GCC_C_LANGUAGE_STANDARD = gnu99;
				GCC_DYNAMIC_NO_PIC = NO;
				GCC_NO_COMMON_BLOCKS = YES;
				GCC_OPTIMIZATION_LEVEL = 0;
				GCC_PREPROCESSOR_DEFINITIONS = (
					"DEBUG=1",
					"$(inherited)",
				);
				GCC_SYMBOLS_PRIVATE_EXTERN = NO;
				GCC_WARN_64_TO_32_BIT_CONVERSION = YES;
				GCC_WARN_ABOUT_RETURN_TYPE = YES_ERROR;
				GCC_WARN_UNDECLARED_SELECTOR = YES;
				GCC_WARN_UNINITIALIZED_AUTOS = YES_AGGRESSIVE;
				GCC_WARN_UNUSED_FUNCTION = YES;
				GCC_WARN_UNUSED_VARIABLE = YES;
				IPHONEOS_DEPLOYMENT_TARGET = 11.0;
				ONLY_ACTIVE_ARCH = YES;
				SDKROOT = iphoneos;
				TARGETED_DEVICE_FAMILY = "1,2";
			};
			name = Pax_Testing;
		};
		DB69ED091ECC2BF00004FEF7 /* Pax_Testing */ = {
			isa = XCBuildConfiguration;
			baseConfigurationReference = 93A863AAB90A2F8CE2547765 /* Pods-Heartland-iOS-SDK_Example.pax_testing.xcconfig */;
			buildSettings = {
				ASSETCATALOG_COMPILER_APPICON_NAME = AppIcon;
				ASSETCATALOG_COMPILER_LAUNCHIMAGE_NAME = "";
				CODE_SIGN_IDENTITY = "iPhone Developer";
				"CODE_SIGN_IDENTITY[sdk=iphoneos*]" = "iPhone Developer";
				GCC_PRECOMPILE_PREFIX_HEADER = YES;
				GCC_PREFIX_HEADER = "Heartland-iOS-SDK/Heartland-iOS-SDK-Prefix.pch";
				INFOPLIST_FILE = "Heartland-iOS-SDK/Heartland-iOS-SDK-Info.plist";
				IPHONEOS_DEPLOYMENT_TARGET = 11.0;
				MODULE_NAME = ExampleApp;
				PRODUCT_BUNDLE_IDENTIFIER = "com.heartlandpaymentsystems.iOS-SDK-Example";
				PRODUCT_NAME = "$(TARGET_NAME)";
				PROVISIONING_PROFILE = "";
				WRAPPER_EXTENSION = app;
			};
			name = Pax_Testing;
		};
		DB69ED0A1ECC2BF00004FEF7 /* Pax_Testing */ = {
			isa = XCBuildConfiguration;
			baseConfigurationReference = 08D636DD28A9667ED2741E32 /* Pods-Heartland-iOS-SDK_Tests.pax_testing.xcconfig */;
			buildSettings = {
				BUNDLE_LOADER = "$(TEST_HOST)";
				ENABLE_BITCODE = NO;
				FRAMEWORK_SEARCH_PATHS = (
					"$(SDKROOT)/Developer/Library/Frameworks",
					"$(inherited)",
					"$(DEVELOPER_FRAMEWORKS_DIR)",
				);
				GCC_PRECOMPILE_PREFIX_HEADER = YES;
				GCC_PREFIX_HEADER = "Tests/Tests-Prefix.pch";
				GCC_PREPROCESSOR_DEFINITIONS = (
					"DEBUG=1",
					"$(inherited)",
				);
				INFOPLIST_FILE = "Tests/Tests-Info.plist";
				PRODUCT_BUNDLE_IDENTIFIER = "org.cocoapods.demo.${PRODUCT_NAME:rfc1034identifier}";
				PRODUCT_NAME = "$(TARGET_NAME)";
				TEST_HOST = "$(BUILT_PRODUCTS_DIR)/Heartland-iOS-SDK_Example.app/Heartland-iOS-SDK_Example";
				WRAPPER_EXTENSION = xctest;
			};
			name = Pax_Testing;
		};
/* End XCBuildConfiguration section */

/* Begin XCConfigurationList section */
		6003F585195388D10070C39A /* Build configuration list for PBXProject "Heartland-iOS-SDK" */ = {
			isa = XCConfigurationList;
			buildConfigurations = (
				6003F5BD195388D20070C39A /* Debug */,
				DB69ED081ECC2BF00004FEF7 /* Pax_Testing */,
				6003F5BE195388D20070C39A /* Release */,
			);
			defaultConfigurationIsVisible = 0;
			defaultConfigurationName = Release;
		};
		6003F5BF195388D20070C39A /* Build configuration list for PBXNativeTarget "Heartland-iOS-SDK_Example" */ = {
			isa = XCConfigurationList;
			buildConfigurations = (
				6003F5C0195388D20070C39A /* Debug */,
				DB69ED091ECC2BF00004FEF7 /* Pax_Testing */,
				6003F5C1195388D20070C39A /* Release */,
			);
			defaultConfigurationIsVisible = 0;
			defaultConfigurationName = Release;
		};
		6003F5C2195388D20070C39A /* Build configuration list for PBXNativeTarget "Heartland-iOS-SDK_Tests" */ = {
			isa = XCConfigurationList;
			buildConfigurations = (
				6003F5C3195388D20070C39A /* Debug */,
				DB69ED0A1ECC2BF00004FEF7 /* Pax_Testing */,
				6003F5C4195388D20070C39A /* Release */,
			);
			defaultConfigurationIsVisible = 0;
			defaultConfigurationName = Release;
		};
/* End XCConfigurationList section */
	};
	rootObject = 6003F582195388D10070C39A /* Project object */;
}
